PODS:
  - AFNetworking (3.2.1):
    - AFNetworking/NSURLSession (= 3.2.1)
    - AFNetworking/Reachability (= 3.2.1)
    - AFNetworking/Security (= 3.2.1)
    - AFNetworking/Serialization (= 3.2.1)
    - AFNetworking/UIKit (= 3.2.1)
  - AFNetworking/NSURLSession (3.2.1):
    - AFNetworking/Reachability
    - AFNetworking/Security
    - AFNetworking/Serialization
  - AFNetworking/Reachability (3.2.1)
  - AFNetworking/Security (3.2.1)
  - AFNetworking/Serialization (3.2.1)
  - AFNetworking/UIKit (3.2.1):
    - AFNetworking/NSURLSession
  - Alamofire (4.9.1)
  - BSBacktraceLogger (0.0.1)
  - CocoaLumberjack (3.6.1):
    - CocoaLumberjack/Core (= 3.6.1)
  - CocoaLumberjack/Core (3.6.1)
  - CTMediator (25)
  - CTPersistance (199):
    - CTMediator
    - SQLCipher
  - DateTools (2.0.0)
  - DoraemonKit/Core (2.0.0):
    - BSBacktraceLogger
    - fishhook
  - DoraemonKit/WithDatabase (2.0.0):
    - BSBacktraceLogger
    - DoraemonKit/Core
    - fishhook
    - YYDebugDatabase
  - DoraemonKit/WithGPS (2.0.0):
    - BSBacktraceLogger
    - DoraemonKit/Core
    - fishhook
  - DoraemonKit/WithLoad (2.0.0):
    - BSBacktraceLogger
    - DoraemonKit/Core
    - fishhook
  - DoraemonKit/WithLogger (2.0.0):
    - BSBacktraceLogger
    - CocoaLumberjack
    - DoraemonKit/Core
    - fishhook
  - DoraemonKit/WithMLeaksFinder (2.0.0):
    - BSBacktraceLogger
    - DoraemonKit/Core
    - FBRetainCycleDetector
    - fishhook
  - DoraemonKit/WithWeex (2.0.0):
    - BSBacktraceLogger
    - DoraemonKit/Core
    - fishhook
    - WeexSDK
    - WXDevtool
  - FBAllocationTracker (0.1.5)
  - FBMemoryProfiler (0.1.3):
    - FBAllocationTracker (~> 0.1)
    - FBRetainCycleDetector (~> 0.1)
  - FBRetainCycleDetector (0.1.4)
  - FDStackView (1.0.1)
  - fishhook (0.2)
  - FMDB (2.7.5):
    - FMDB/standard (= 2.7.5)
  - FMDB/standard (2.7.5)
  - GCDWebServer (3.5.4):
    - GCDWebServer/Core (= 3.5.4)
  - GCDWebServer/Core (3.5.4)
  - GCDWebServer/WebDAV (3.5.4):
    - GCDWebServer/Core
  - GCDWebServer/WebUploader (3.5.4):
    - GCDWebServer/Core
  - GPUImage (0.1.7)
  - JLRoutes (2.1)
  - JSONModel (1.8.0)
  - LzmaSDK-ObjC (2.0.19)
  - Masonry (1.1.0)
  - MBProgressHUD (1.2.0)
  - "NSData+Base64 (1.0.0)"
  - PINCache (3.0.1-beta.4):
    - PINCache/Arc-exception-safe (= 3.0.1-beta.4)
    - PINCache/Core (= 3.0.1-beta.4)
  - PINCache/Arc-exception-safe (3.0.1-beta.4):
    - PINCache/Core
  - PINCache/Core (3.0.1-beta.4):
    - PINOperation (= 1.0.3)
  - PINOperation (1.0.3)
  - PINRemoteImage/Core (3.0.0-beta.8)
  - PINRemoteImage/iOS (3.0.0-beta.8):
    - PINRemoteImage/Core
  - PINRemoteImage/PINCache (3.0.0-beta.8):
    - PINCache (= 3.0.1-beta.4)
    - PINRemoteImage/Core
  - Protobuf (3.11.4)
  - ReactiveCocoa (2.5):
    - ReactiveCocoa/UI (= 2.5)
  - ReactiveCocoa/Core (2.5):
    - ReactiveCocoa/no-arc
  - ReactiveCocoa/no-arc (2.5)
  - ReactiveCocoa/UI (2.5):
    - ReactiveCocoa/Core
  - ReactiveViewModel (0.3):
    - ReactiveCocoa (~> 2.4)
  - RNCryptor (5.1.0)
  - RxSwift (5.1.1)
  - SDWebImage (5.6.1):
    - SDWebImage/Core (= 5.6.1)
  - SDWebImage/Core (5.6.1)
  - SocketRocket (0.5.1)
  - SQLCipher (4.3.0):
    - SQLCipher/standard (= 4.3.0)
  - SQLCipher/common (4.3.0)
  - SQLCipher/standard (4.3.0):
    - SQLCipher/common
  - SSZipArchive (2.2.2)
  - SVGAPlayer (2.3.5):
    - SVGAPlayer/Core (= 2.3.5)
    - SVGAPlayer/ProtoFiles (= 2.3.5)
  - SVGAPlayer/Core (2.3.5):
    - SSZipArchive (>= 1.8.1)
    - SVGAPlayer/ProtoFiles
  - SVGAPlayer/ProtoFiles (2.3.5):
    - Protobuf (~> 3.4)
  - SVPullToRefresh (0.4.1)
  - Texture (2.2):
    - Texture/PINRemoteImage (= 2.2)
  - Texture/Core (2.2)
  - Texture/PINRemoteImage (2.2):
    - PINRemoteImage/iOS (= 3.0.0-beta.8)
    - PINRemoteImage/PINCache
    - Texture/Core
  - thrift (0.9.3)
  - TPJsBridge (0.0.24)
  - UnrarKit (2.8.1):
    - UnrarKit/unrar-lib (= 2.8.1)
  - UnrarKit/unrar-lib (2.8.1)
  - WeexSDK (0.26.0)
  - WXDevtool (0.24.0):
    - SocketRocket
    - WeexSDK
  - XRefresh (1.2.0)
  - YYDebugDatabase (2.0.8):
    - FMDB
    - GCDWebServer
  - YYKit (1.0.9):
    - YYKit/no-arc (= 1.0.9)
  - YYKit/no-arc (1.0.9)

DEPENDENCIES:
  - AFNetworking
  - Alamofire
  - CTMediator (~> 25)
  - CTPersistance
  - DateTools
  - DoraemonKit/Core
  - DoraemonKit/WithDatabase
  - DoraemonKit/WithGPS
  - DoraemonKit/WithLoad
  - DoraemonKit/WithLogger
  - DoraemonKit/WithMLeaksFinder
  - DoraemonKit/WithWeex
  - FBAllocationTracker
  - FBMemoryProfiler
  - FBRetainCycleDetector
  - FDStackView
  - GCDWebServer
  - GCDWebServer/WebDAV
  - GCDWebServer/WebUploader
  - GPUImage (~> 0.1.7)
  - JLRoutes (~> 2.1)
  - JSONModel (~> 1.8.0)
  - LzmaSDK-ObjC
  - Masonry
  - MBProgressHUD
  - "NSData+Base64"
  - ReactiveCocoa
  - ReactiveViewModel
  - RNCryptor
  - RxSwift
  - SDWebImage
  - SSZipArchive (~> 2.2.2)
  - SVGAPlayer (~> 2.3.3)
  - SVPullToRefresh
  - Texture
  - thrift (~> 0.9.3)
  - TPJsBridge (~> 0.0.24)
  - UnrarKit
  - XRefresh
  - YYKit

SPEC REPOS:
  https://github.com/cocoapods/specs.git:
    - AFNetworking
    - Alamofire
    - BSBacktraceLogger
    - CocoaLumberjack
    - CTMediator
    - CTPersistance
    - DateTools
    - DoraemonKit
    - FBAllocationTracker
    - FBMemoryProfiler
    - FBRetainCycleDetector
    - FDStackView
    - fishhook
    - FMDB
    - GCDWebServer
    - GPUImage
    - JLRoutes
    - JSONModel
    - LzmaSDK-ObjC
    - Masonry
    - MBProgressHUD
    - "NSData+Base64"
    - PINCache
    - PINOperation
    - PINRemoteImage
    - Protobuf
    - ReactiveCocoa
    - ReactiveViewModel
    - RNCryptor
    - RxSwift
    - SDWebImage
    - SocketRocket
    - SQLCipher
    - SSZipArchive
    - SVGAPlayer
    - SVPullToRefresh
    - Texture
    - thrift
    - TPJsBridge
    - UnrarKit
    - WeexSDK
    - WXDevtool
    - XRefresh
    - YYDebugDatabase
    - YYKit

SPEC CHECKSUMS:
  AFNetworking: b6f891fdfaed196b46c7a83cf209e09697b94057
  Alamofire: 85e8a02c69d6020a0d734f6054870d7ecb75cf18
  BSBacktraceLogger: 06b983ee93a9f87d957960e9c73d660d5966b447
  CocoaLumberjack: b17ae15142558d08bbacf69775fa10c4abbebcc9
  CTMediator: 830c1fc204b3a6abf2a059510c7380f56343da0f
  CTPersistance: 015761716454d93dd1e41566ffb751e7958f4efe
  DateTools: 933ac9c490f21f92127cf690ccd8c397e0126caf
  DoraemonKit: 9e923599e28d0b61f1c6de4aef2c2d669b30abb7
  FBAllocationTracker: dfdca3f71aceca6a85e95e3c6ec76a9785eba0f1
  FBMemoryProfiler: 623fc5f8a61f7d02ec75c87e3b97c90f621d8b02
  FBRetainCycleDetector: 46f8179bbb1c587deee3ea838a1a3ee02acf5015
  FDStackView: fc0697e5be2022c8af36ce66e9e2061006058ba8
  fishhook: ea19933abfe8f2f52c55fd8b6e2718467d3ebc89
  FMDB: 2ce00b547f966261cd18927a3ddb07cb6f3db82a
  GCDWebServer: 2c156a56c8226e2d5c0c3f208a3621ccffbe3ce4
  GPUImage: 733a5f0fab92df9de1c37ba9df520a833ccb406d
  JLRoutes: d755245322b94227662ea3e43492fdca94e05c5b
  JSONModel: 02ab723958366a3fd27da57ea2af2113658762e9
  LzmaSDK-ObjC: 1dd68a10d1af6c127f9811d117bf41a90bac9234
  Masonry: 678fab65091a9290e40e2832a55e7ab731aad201
  MBProgressHUD: 3ee5efcc380f6a79a7cc9b363dd669c5e1ae7406
  "NSData+Base64": 4e84902c4db907a15673474677e57763ef3903e4
  PINCache: a89c8f609232afac77128557bd12c861844423d7
  PINOperation: ac23db44796d4a564ecf9b5ea7163510f579b71d
  PINRemoteImage: c4f9f16932840c597f32e69dd288e10e111a1929
  Protobuf: 176220c526ad8bd09ab1fb40a978eac3fef665f7
  ReactiveCocoa: e2db045570aa97c695e7aa97c2bcab222ae51f4a
  ReactiveViewModel: 58918dcbcec2d3151195ab1ed9163c57a8163999
  RNCryptor: a369134686cd2ad391323cc856b62e591193ba79
  RxSwift: 81470a2074fa8780320ea5fe4102807cb7118178
  SDWebImage: 7edb9c3ea661e77a66661f7f044de8c1b55d1120
  SocketRocket: d57c7159b83c3c6655745cd15302aa24b6bae531
  SQLCipher: d305a7bd9af4b64f095c79bdc1a1fa50f2a15116
  SSZipArchive: fa16b8cc4cdeceb698e5e5d9f67e9558532fbf23
  SVGAPlayer: bae4048710c948dc4de98971e35207d3bbed85ad
  SVPullToRefresh: ba2e718695a43253d8bea6852d2960097dc15d8c
  Texture: 3e4664479225216198c29bdb9621664de390534d
  thrift: 206849d78773b19e1be3cc1bbe094371c0adfbe2
  TPJsBridge: c42c763168840f10e85915d2a1b389b3d7f363ff
  UnrarKit: 167602bda6542e575c4cdc068509d6b787f84468
  WeexSDK: 55b67d1c411eb28ec1e356f763a335d0ddcc5324
  WXDevtool: 95b70c73c06fc3299d65bd53ba4b3e0b0087f3cb
  XRefresh: b2569aec255900d3dbd794bffbaf502ff6fd4198
  YYDebugDatabase: 037486297a7dd40bc50e2c6df5de7b4ad24c9c17
  YYKit: 7cda43304a8dc3696c449041e2cb3107b4e236e7

PODFILE CHECKSUM: 1f94b54816c41dcecfb153551b10d19747ddb694

COCOAPODS: 1.5.3
