PODS:
  - AFNetworking (4.0.1):
    - AFNetworking/NSURLSession (= 4.0.1)
    - AFNetworking/Reachability (= 4.0.1)
    - AFNetworking/Security (= 4.0.1)
    - AFNetworking/Serialization (= 4.0.1)
    - AFNetworking/UIKit (= 4.0.1)
  - AFNetworking/NSURLSession (4.0.1):
    - AFNetworking/Reachability
    - AFNetworking/Security
    - AFNetworking/Serialization
  - AFNetworking/Reachability (4.0.1)
  - AFNetworking/Security (4.0.1)
  - AFNetworking/Serialization (4.0.1)
  - AFNetworking/UIKit (4.0.1):
    - AFNetworking/NSURLSession
  - Alamofire (5.2.2)
  - CocoaLumberjack (3.6.2):
    - CocoaLumberjack/Core (= 3.6.2)
  - CocoaLumberjack/Core (3.6.2)
  - CTMediator (25)
  - CTPersistance (200):
    - CTMediator
    - SQLCipher
  - DateTools (2.0.0)
  - DoraemonKit/Core (3.0.2)
  - DoraemonKit/WithDatabase (3.0.2):
    - DoraemonKit/Core
    - YYDebugDatabase
  - DoraemonKit/WithGPS (3.0.2):
    - DoraemonKit/Core
  - DoraemonKit/WithLoad (3.0.2):
    - DoraemonKit/Core
  - DoraemonKit/WithLogger (3.0.2):
    - CocoaLumberjack
    - DoraemonKit/Core
  - DoraemonKit/WithMLeaksFinder (3.0.2):
    - DoraemonKit/Core
  - DoraemonKit/WithWeex (3.0.2):
    - DoraemonKit/Core
    - WeexSDK
    - WXDevtool
  - FBAllocationTracker (0.1.5)
  - FBMemoryProfiler (0.1.3):
    - FBAllocationTracker (~> 0.1)
    - FBRetainCycleDetector (~> 0.1)
  - FBRetainCycleDetector (0.1.4)
  - FDStackView (1.0.1)
  - FMDB (2.7.5):
    - FMDB/standard (= 2.7.5)
  - FMDB/standard (2.7.5)
  - GCDWebServer (3.5.4):
    - GCDWebServer/Core (= 3.5.4)
  - GCDWebServer/Core (3.5.4)
  - GCDWebServer/WebDAV (3.5.4):
    - GCDWebServer/Core
  - GCDWebServer/WebUploader (3.5.4):
    - GCDWebServer/Core
  - GPUImage (0.1.7)
  - JLRoutes (2.1)
  - JSONModel (1.8.0)
  - lottie-ios (3.1.8)
  - LzmaSDK-ObjC (2.1.1)
  - LZUberSignature (1.0.4)
  - Masonry (1.1.0)
  - MBProgressHUD (1.2.0)
  - "NSData+Base64 (1.0.0)"
  - pdftotxt (0.1.3):
    - pdftotxt/xpdf (= 0.1.3)
  - pdftotxt/xpdf (0.1.3)
  - Protobuf (3.12.0)
  - ReactiveCocoa (2.5):
    - ReactiveCocoa/UI (= 2.5)
  - ReactiveCocoa/Core (2.5):
    - ReactiveCocoa/no-arc
  - ReactiveCocoa/no-arc (2.5)
  - ReactiveCocoa/UI (2.5):
    - ReactiveCocoa/Core
  - ReactiveViewModel (0.3):
    - ReactiveCocoa (~> 2.4)
  - RNCryptor (5.1.0)
  - RxSwift (5.1.1)
  - SDWebImage (5.8.4):
    - SDWebImage/Core (= 5.8.4)
  - SDWebImage/Core (5.8.4)
  - SocketRocket (0.5.1)
  - SQLCipher (4.4.0):
    - SQLCipher/standard (= 4.4.0)
  - SQLCipher/common (4.4.0)
  - SQLCipher/standard (4.4.0):
    - SQLCipher/common
  - SSZipArchive (2.2.3)
  - SVGAPlayer (2.3.5):
    - SVGAPlayer/Core (= 2.3.5)
    - SVGAPlayer/ProtoFiles (= 2.3.5)
  - SVGAPlayer/Core (2.3.5):
    - SSZipArchive (>= 1.8.1)
    - SVGAPlayer/ProtoFiles
  - SVGAPlayer/ProtoFiles (2.3.5):
    - Protobuf (~> 3.4)
  - SVPullToRefresh (0.4.1)
  - thrift (0.9.3)
  - TPJsBridge (0.0.24)
  - UnrarKit (2.9):
    - UnrarKit/unrar-lib (= 2.9)
  - UnrarKit/unrar-lib (2.9)
  - WeexSDK (0.28.0)
  - WXDevtool (0.24.0):
    - SocketRocket
    - WeexSDK
  - XRefresh (1.2.0)
  - YYDebugDatabase (2.0.9):
    - FMDB
    - GCDWebServer
  - YYKit (1.0.9):
    - YYKit/no-arc (= 1.0.9)
  - YYKit/no-arc (1.0.9)

DEPENDENCIES:
  - AFNetworking
  - Alamofire
  - CTMediator (~> 25)
  - CTPersistance
  - DateTools
  - DoraemonKit/Core
  - DoraemonKit/WithDatabase
  - DoraemonKit/WithGPS
  - DoraemonKit/WithLoad
  - DoraemonKit/WithLogger
  - DoraemonKit/WithMLeaksFinder
  - DoraemonKit/WithWeex
  - FBAllocationTracker
  - FBMemoryProfiler
  - FBRetainCycleDetector
  - FDStackView
  - GCDWebServer
  - GCDWebServer/WebDAV
  - GCDWebServer/WebUploader
  - GPUImage (~> 0.1.7)
  - JLRoutes (~> 2.1)
  - JSONModel (~> 1.8.0)
  - lottie-ios (~> 3.1.8)
  - LzmaSDK-ObjC
  - LZUberSignature (~> 1.0.4)
  - Masonry
  - MBProgressHUD
  - "NSData+Base64"
  - pdftotxt
  - ReactiveCocoa
  - ReactiveViewModel
  - RNCryptor
  - RxSwift
  - SDWebImage
  - SSZipArchive
  - SVGAPlayer (~> 2.3.3)
  - SVPullToRefresh
  - thrift (~> 0.9.3)
  - TPJsBridge (~> 0.0.24)
  - UnrarKit
  - XRefresh
  - YYKit

SPEC REPOS:
  https://github.com/CocoaPods/Specs.git:
    - AFNetworking
    - Alamofire
    - CocoaLumberjack
    - CTMediator
    - CTPersistance
    - DateTools
    - DoraemonKit
    - FBAllocationTracker
    - FBMemoryProfiler
    - FBRetainCycleDetector
    - FDStackView
    - FMDB
    - GCDWebServer
    - GPUImage
    - JLRoutes
    - JSONModel
    - lottie-ios
    - LzmaSDK-ObjC
    - LZUberSignature
    - Masonry
    - MBProgressHUD
    - "NSData+Base64"
    - pdftotxt
    - Protobuf
    - ReactiveCocoa
    - ReactiveViewModel
    - RNCryptor
    - RxSwift
    - SDWebImage
    - SocketRocket
    - SQLCipher
    - SSZipArchive
    - SVGAPlayer
    - SVPullToRefresh
    - thrift
    - TPJsBridge
    - UnrarKit
    - WeexSDK
    - WXDevtool
    - XRefresh
    - YYDebugDatabase
    - YYKit

SPEC CHECKSUMS:
  AFNetworking: 7864c38297c79aaca1500c33288e429c3451fdce
  Alamofire: 814429acc853c6c54ff123fc3d2ef66803823ce0
  CocoaLumberjack: bd155f2dd06c0e0b03f876f7a3ee55693122ec94
  CTMediator: 830c1fc204b3a6abf2a059510c7380f56343da0f
  CTPersistance: 91dfa86d211a416ee4364b433153b21c0d94329b
  DateTools: 933ac9c490f21f92127cf690ccd8c397e0126caf
  DoraemonKit: 8587e7a9aae0773dfc96707d2369d89d2a21b3d2
  FBAllocationTracker: dfdca3f71aceca6a85e95e3c6ec76a9785eba0f1
  FBMemoryProfiler: 623fc5f8a61f7d02ec75c87e3b97c90f621d8b02
  FBRetainCycleDetector: 46f8179bbb1c587deee3ea838a1a3ee02acf5015
  FDStackView: fc0697e5be2022c8af36ce66e9e2061006058ba8
  FMDB: 2ce00b547f966261cd18927a3ddb07cb6f3db82a
  GCDWebServer: 2c156a56c8226e2d5c0c3f208a3621ccffbe3ce4
  GPUImage: 733a5f0fab92df9de1c37ba9df520a833ccb406d
  JLRoutes: d755245322b94227662ea3e43492fdca94e05c5b
  JSONModel: 02ab723958366a3fd27da57ea2af2113658762e9
  lottie-ios: 48fac6be217c76937e36e340e2d09cf7b10b7f5f
  LzmaSDK-ObjC: 6c68c37743a658fc9a4c7b70f7d6045b587aa42b
  LZUberSignature: f1bb185deaa45f158720933fda78b6ddff3c8617
  Masonry: 678fab65091a9290e40e2832a55e7ab731aad201
  MBProgressHUD: 3ee5efcc380f6a79a7cc9b363dd669c5e1ae7406
  "NSData+Base64": 4e84902c4db907a15673474677e57763ef3903e4
  pdftotxt: fe108ba4238caf616b519fc7aeb99e690b9289bc
  Protobuf: 2793fcd0622a00b546c60e7cbbcc493e043e9bb9
  ReactiveCocoa: e2db045570aa97c695e7aa97c2bcab222ae51f4a
  ReactiveViewModel: 58918dcbcec2d3151195ab1ed9163c57a8163999
  RNCryptor: a369134686cd2ad391323cc856b62e591193ba79
  RxSwift: 81470a2074fa8780320ea5fe4102807cb7118178
  SDWebImage: cf6922231e95550934da2ada0f20f2becf2ceba9
  SocketRocket: d57c7159b83c3c6655745cd15302aa24b6bae531
  SQLCipher: e434ed542b24f38ea7b36468a13f9765e1b5c072
  SSZipArchive: 62d4947b08730e4cda640473b0066d209ff033c9
  SVGAPlayer: bae4048710c948dc4de98971e35207d3bbed85ad
  SVPullToRefresh: ba2e718695a43253d8bea6852d2960097dc15d8c
  thrift: 206849d78773b19e1be3cc1bbe094371c0adfbe2
  TPJsBridge: c42c763168840f10e85915d2a1b389b3d7f363ff
  UnrarKit: 99e3f0222a98a212188e1a6975dcf5aa798d26dd
  WeexSDK: 78861d2f8b78f67e30580c15a54f5b420456db39
  WXDevtool: 95b70c73c06fc3299d65bd53ba4b3e0b0087f3cb
  XRefresh: b2569aec255900d3dbd794bffbaf502ff6fd4198
  YYDebugDatabase: e9e1d2a92c32b29c8a2777e3a49d34f8133efae0
  YYKit: 7cda43304a8dc3696c449041e2cb3107b4e236e7

PODFILE CHECKSUM: 64363fb1bd17358309fbb721d60495c0e98e3d4e

COCOAPODS: 1.10.1
