// !$*UTF8*$!
{
	archiveVersion = 1;
	classes = {
	};
	objectVersion = 50;
	objects = {

/* Begin PBXBuildFile section */
		6BBD23DDCEFF46136546B5E0 /* Pods_iOSDemo.framework in Frameworks */ = {isa = PBXBuildFile; fileRef = 6120F33F06E9EF3B91C0D6CA /* Pods_iOSDemo.framework */; };
		6C02D8E6225CB15F00963DB4 /* RuntimeViewController.m in Sources */ = {isa = PBXBuildFile; fileRef = 6C02D8E5225CB15F00963DB4 /* RuntimeViewController.m */; };
		6C044E3520CE4485009B77C9 /* XimageViewController.m in Sources */ = {isa = PBXBuildFile; fileRef = 6C044E3420CE4485009B77C9 /* XimageViewController.m */; };
		6C044E3720CE45C5009B77C9 /* Accelerate.framework in Frameworks */ = {isa = PBXBuildFile; fileRef = 6C044E3620CE45C5009B77C9 /* Accelerate.framework */; };
		6C0BD725242074E00002E956 /* AlgorithmicViewController.swift in Sources */ = {isa = PBXBuildFile; fileRef = 6C0BD724242074E00002E956 /* AlgorithmicViewController.swift */; };
		6C0BD729242075190002E956 /* XCPUImageController.m in Sources */ = {isa = PBXBuildFile; fileRef = 6C0BD728242075190002E956 /* XCPUImageController.m */; };
		6C0BD72C242348C90002E956 /* XTButton.m in Sources */ = {isa = PBXBuildFile; fileRef = 6C0BD72B242348C90002E956 /* XTButton.m */; };
		6C0BD73024235B1C0002E956 /* XAnimationViewController.m in Sources */ = {isa = PBXBuildFile; fileRef = 6C0BD72F24235B1C0002E956 /* XAnimationViewController.m */; };
		6C0BD73224246CBC0002E956 /* XStackViewController.swift in Sources */ = {isa = PBXBuildFile; fileRef = 6C0BD73124246CBC0002E956 /* XStackViewController.swift */; };
		6C0BD7342424FF650002E956 /* XOtherViewController.swift in Sources */ = {isa = PBXBuildFile; fileRef = 6C0BD7332424FF650002E956 /* XOtherViewController.swift */; };
		6C0BD872242653F20002E956 /* DataTypeViewController.swift in Sources */ = {isa = PBXBuildFile; fileRef = 6C0BD871242653F20002E956 /* DataTypeViewController.swift */; };
		6C0CB34A22D6064200E4008D /* ConstructorViewController.swift in Sources */ = {isa = PBXBuildFile; fileRef = 6C0CB34922D6064200E4008D /* ConstructorViewController.swift */; };
		6C0E11D522DEFDCA00360D76 /* XTransferViewController.m in Sources */ = {isa = PBXBuildFile; fileRef = 6C0E11D422DEFDCA00360D76 /* XTransferViewController.m */; };
		6C1DF32B21A2A3AA009E4725 /* XStringViewController.m in Sources */ = {isa = PBXBuildFile; fileRef = 6C1DF32A21A2A3AA009E4725 /* XStringViewController.m */; };
		6C224C34228121AA00C8A6AE /* XFlashViewController.m in Sources */ = {isa = PBXBuildFile; fileRef = 6C224C33228121AA00C8A6AE /* XFlashViewController.m */; };
		6C39DF4420DBBE580086D632 /* UIView+XCategory.m in Sources */ = {isa = PBXBuildFile; fileRef = 6C39DF4320DBBE580086D632 /* UIView+XCategory.m */; };
		6C39DF4720DBBE990086D632 /* UIViewController+XCategory.m in Sources */ = {isa = PBXBuildFile; fileRef = 6C39DF4620DBBE990086D632 /* UIViewController+XCategory.m */; };
		6C39DF4A20DBBEEA0086D632 /* XCategoryViewController.m in Sources */ = {isa = PBXBuildFile; fileRef = 6C39DF4920DBBEEA0086D632 /* XCategoryViewController.m */; };
		6C4A64592241EF12008F187D /* XGuideViewController.m in Sources */ = {isa = PBXBuildFile; fileRef = 6C4A64582241EF12008F187D /* XGuideViewController.m */; };
		6C5B99FC21A3B5590020384C /* XWebViewController.m in Sources */ = {isa = PBXBuildFile; fileRef = 6C5B99FB21A3B5590020384C /* XWebViewController.m */; };
		6C61CB3A2269B0D7002FE2A8 /* XBluetoothViewController.m in Sources */ = {isa = PBXBuildFile; fileRef = 6C61CB392269B0D7002FE2A8 /* XBluetoothViewController.m */; };
		6C61CB3C2269B403002FE2A8 /* CoreBluetooth.framework in Frameworks */ = {isa = PBXBuildFile; fileRef = 6C61CB3B2269B403002FE2A8 /* CoreBluetooth.framework */; };
		6C6232DA215F789B001E85D4 /* XTableViewController.m in Sources */ = {isa = PBXBuildFile; fileRef = 6C6232D9215F789B001E85D4 /* XTableViewController.m */; };
		6C64584F20AD4B5D0046C2F9 /* AppDelegate.m in Sources */ = {isa = PBXBuildFile; fileRef = 6C64584E20AD4B5D0046C2F9 /* AppDelegate.m */; };
		6C64585820AD4B5D0046C2F9 /* Main.storyboard in Resources */ = {isa = PBXBuildFile; fileRef = 6C64585620AD4B5D0046C2F9 /* Main.storyboard */; };
		6C64585A20AD4B5E0046C2F9 /* Assets.xcassets in Resources */ = {isa = PBXBuildFile; fileRef = 6C64585920AD4B5E0046C2F9 /* Assets.xcassets */; };
		6C64585D20AD4B5E0046C2F9 /* LaunchScreen.storyboard in Resources */ = {isa = PBXBuildFile; fileRef = 6C64585B20AD4B5E0046C2F9 /* LaunchScreen.storyboard */; };
		6C64586020AD4B5E0046C2F9 /* main.m in Sources */ = {isa = PBXBuildFile; fileRef = 6C64585F20AD4B5E0046C2F9 /* main.m */; };
		6C64586A20AD4B5E0046C2F9 /* iOSDemoTests.m in Sources */ = {isa = PBXBuildFile; fileRef = 6C64586920AD4B5E0046C2F9 /* iOSDemoTests.m */; };
		6C64587520AD4B5E0046C2F9 /* iOSDemoUITests.m in Sources */ = {isa = PBXBuildFile; fileRef = 6C64587420AD4B5E0046C2F9 /* iOSDemoUITests.m */; };
		6C64589020AD51580046C2F9 /* SwiftTableController.swift in Sources */ = {isa = PBXBuildFile; fileRef = 6C64588B20AD51580046C2F9 /* SwiftTableController.swift */; };
		6C64589120AD51580046C2F9 /* ObjectiveCTableController.m in Sources */ = {isa = PBXBuildFile; fileRef = 6C64588F20AD51580046C2F9 /* ObjectiveCTableController.m */; };
		6C64589720AD670A0046C2F9 /* XPropertyViewController.m in Sources */ = {isa = PBXBuildFile; fileRef = 6C64589620AD670A0046C2F9 /* XPropertyViewController.m */; };
		6C64589B20AD92360046C2F9 /* XBlockViewController.m in Sources */ = {isa = PBXBuildFile; fileRef = 6C64589A20AD92360046C2F9 /* XBlockViewController.m */; };
		6C678EA023289409009DE3AB /* XMapViewController.m in Sources */ = {isa = PBXBuildFile; fileRef = 6C678E9F23289409009DE3AB /* XMapViewController.m */; };
		6C68BCD5223A5101007C8861 /* URLComponentsViewController.m in Sources */ = {isa = PBXBuildFile; fileRef = 6C68BCD4223A5101007C8861 /* URLComponentsViewController.m */; };
		6C68BCD8223A6328007C8861 /* ABGuideView.m in Sources */ = {isa = PBXBuildFile; fileRef = 6C68BCD7223A6328007C8861 /* ABGuideView.m */; };
		6C69F53722DC2B9C00677BD7 /* ProtocolViewController.swift in Sources */ = {isa = PBXBuildFile; fileRef = 6C69F53622DC2B9C00677BD7 /* ProtocolViewController.swift */; };
		6C6B66852399F2C200F2D368 /* XTableViewCell.m in Sources */ = {isa = PBXBuildFile; fileRef = 6C6B66842399F2C200F2D368 /* XTableViewCell.m */; };
		6C6F7F7720C7C27400C5C151 /* XYViewController.m in Sources */ = {isa = PBXBuildFile; fileRef = 6C6F7F7620C7C27400C5C151 /* XYViewController.m */; };
		6C6F7F7A20C7C44000C5C151 /* XYView.m in Sources */ = {isa = PBXBuildFile; fileRef = 6C6F7F7920C7C44000C5C151 /* XYView.m */; };
		6C989A7623950AA000B24663 /* XCollectionViewController.m in Sources */ = {isa = PBXBuildFile; fileRef = 6C989A7523950AA000B24663 /* XCollectionViewController.m */; };
		6C98ABB2237E9291006839EB /* XModel.m in Sources */ = {isa = PBXBuildFile; fileRef = 6C98ABB1237E9291006839EB /* XModel.m */; };
		6CB429CA20C545E9000CFD37 /* XcalendarViewController.m in Sources */ = {isa = PBXBuildFile; fileRef = 6CB429C920C545E9000CFD37 /* XcalendarViewController.m */; };
		6CB429DE20C5468D000CFD37 /* LXCalendarWeekView.m in Sources */ = {isa = PBXBuildFile; fileRef = 6CB429CE20C5468D000CFD37 /* LXCalendarWeekView.m */; };
		6CB429DF20C5468D000CFD37 /* LXCalendarHearder.xib in Resources */ = {isa = PBXBuildFile; fileRef = 6CB429D020C5468D000CFD37 /* LXCalendarHearder.xib */; };
		6CB429E020C5468D000CFD37 /* LXCalendarHearder.m in Sources */ = {isa = PBXBuildFile; fileRef = 6CB429D220C5468D000CFD37 /* LXCalendarHearder.m */; };
		6CB429E120C5468D000CFD37 /* LXCalenderCell.xib in Resources */ = {isa = PBXBuildFile; fileRef = 6CB429D320C5468D000CFD37 /* LXCalenderCell.xib */; };
		6CB429E220C5468D000CFD37 /* LXCalendarDayModel.m in Sources */ = {isa = PBXBuildFile; fileRef = 6CB429D520C5468D000CFD37 /* LXCalendarDayModel.m */; };
		6CB429E320C5468D000CFD37 /* LXCalendarView.m in Sources */ = {isa = PBXBuildFile; fileRef = 6CB429D720C5468D000CFD37 /* LXCalendarView.m */; };
		6CB429E420C5468D000CFD37 /* NSDate+GFCalendar.m in Sources */ = {isa = PBXBuildFile; fileRef = 6CB429D920C5468D000CFD37 /* NSDate+GFCalendar.m */; };
		6CB429E520C5468D000CFD37 /* LXCalendarMonthModel.m in Sources */ = {isa = PBXBuildFile; fileRef = 6CB429DB20C5468D000CFD37 /* LXCalendarMonthModel.m */; };
		6CB429E620C5468D000CFD37 /* LXCalenderCell.m in Sources */ = {isa = PBXBuildFile; fileRef = 6CB429DD20C5468D000CFD37 /* LXCalenderCell.m */; };
		6CB429E920C546AE000CFD37 /* XYCalendarView.m in Sources */ = {isa = PBXBuildFile; fileRef = 6CB429E820C546AE000CFD37 /* XYCalendarView.m */; };
		6CB429F520C547DB000CFD37 /* UIView+FTCornerdious.m in Sources */ = {isa = PBXBuildFile; fileRef = 6CB429EE20C547DB000CFD37 /* UIView+FTCornerdious.m */; };
		6CB429F620C547DB000CFD37 /* UIView+LX_Frame.m in Sources */ = {isa = PBXBuildFile; fileRef = 6CB429F020C547DB000CFD37 /* UIView+LX_Frame.m */; };
		6CB429F720C547DB000CFD37 /* UILabel+LXLabel.m in Sources */ = {isa = PBXBuildFile; fileRef = 6CB429F120C547DB000CFD37 /* UILabel+LXLabel.m */; };
		6CB429F820C547DB000CFD37 /* LxButton.m in Sources */ = {isa = PBXBuildFile; fileRef = 6CB429F220C547DB000CFD37 /* LxButton.m */; };
		6CB429F920C547DB000CFD37 /* UIColor+Expanded.m in Sources */ = {isa = PBXBuildFile; fileRef = 6CB429F320C547DB000CFD37 /* UIColor+Expanded.m */; };
		6CB429FD20C54B00000CFD37 /* XTools.m in Sources */ = {isa = PBXBuildFile; fileRef = 6CB429FC20C54B00000CFD37 /* XTools.m */; };
		6CBAB4AC211D69B7009E07B1 /* ABCalendarController.m in Sources */ = {isa = PBXBuildFile; fileRef = 6CBAB4AB211D69B7009E07B1 /* ABCalendarController.m */; };
		6CE1A8B62418D43B00754036 /* XShareInstance.m in Sources */ = {isa = PBXBuildFile; fileRef = 6CE1A8B52418D43B00754036 /* XShareInstance.m */; };
		6CE1A8BA241BA53C00754036 /* XOCViewController.m in Sources */ = {isa = PBXBuildFile; fileRef = 6CE1A8B9241BA53C00754036 /* XOCViewController.m */; };
		6CE1A8BD241BA54F00754036 /* XSuperViewController.m in Sources */ = {isa = PBXBuildFile; fileRef = 6CE1A8BC241BA54F00754036 /* XSuperViewController.m */; };
		6CE1A8C0241BA57000754036 /* XFatherObj.m in Sources */ = {isa = PBXBuildFile; fileRef = 6CE1A8BF241BA57000754036 /* XFatherObj.m */; };
		6CE1A8C3241BA58100754036 /* XSonObj.m in Sources */ = {isa = PBXBuildFile; fileRef = 6CE1A8C2241BA58100754036 /* XSonObj.m */; };
		6CE1A8C6241BA5BF00754036 /* XDaughterObj.m in Sources */ = {isa = PBXBuildFile; fileRef = 6CE1A8C5241BA5BF00754036 /* XDaughterObj.m */; };
		6CE1A8C9241BA88C00754036 /* XSonObj+cate.m in Sources */ = {isa = PBXBuildFile; fileRef = 6CE1A8C8241BA88C00754036 /* XSonObj+cate.m */; };
		6CE1A8CC241BB33100754036 /* XWifeObj.m in Sources */ = {isa = PBXBuildFile; fileRef = 6CE1A8CB241BB33100754036 /* XWifeObj.m */; };
		6CE1A8D0241CAFD400754036 /* XThreadViewController.m in Sources */ = {isa = PBXBuildFile; fileRef = 6CE1A8CF241CAFD400754036 /* XThreadViewController.m */; };
		6CE1A8D3241E353100754036 /* XThread2ViewController.m in Sources */ = {isa = PBXBuildFile; fileRef = 6CE1A8D2241E353100754036 /* XThread2ViewController.m */; };
		6CE1A8DC241E678F00754036 /* GrammarTableViewController.m in Sources */ = {isa = PBXBuildFile; fileRef = 6CE1A8DB241E678F00754036 /* GrammarTableViewController.m */; };
		6CE36BBB22D484BD00B38008 /* SwiftBlocksViewController.swift in Sources */ = {isa = PBXBuildFile; fileRef = 6CE36BBA22D484BD00B38008 /* SwiftBlocksViewController.swift */; };
		6CE36BBD22D4AB3B00B38008 /* EnumViewController.swift in Sources */ = {isa = PBXBuildFile; fileRef = 6CE36BBC22D4AB3B00B38008 /* EnumViewController.swift */; };
		6CE4DB8422D742E4008F01A9 /* ExtensionViewController.swift in Sources */ = {isa = PBXBuildFile; fileRef = 6CE4DB8322D742E4008F01A9 /* ExtensionViewController.swift */; };
/* End PBXBuildFile section */

/* Begin PBXContainerItemProxy section */
		6C64586620AD4B5E0046C2F9 /* PBXContainerItemProxy */ = {
			isa = PBXContainerItemProxy;
			containerPortal = 6C64584220AD4B5D0046C2F9 /* Project object */;
			proxyType = 1;
			remoteGlobalIDString = 6C64584920AD4B5D0046C2F9;
			remoteInfo = iOSDemo;
		};
		6C64587120AD4B5E0046C2F9 /* PBXContainerItemProxy */ = {
			isa = PBXContainerItemProxy;
			containerPortal = 6C64584220AD4B5D0046C2F9 /* Project object */;
			proxyType = 1;
			remoteGlobalIDString = 6C64584920AD4B5D0046C2F9;
			remoteInfo = iOSDemo;
		};
/* End PBXContainerItemProxy section */

/* Begin PBXFileReference section */
		2EE7A61F689CC7248C7974C2 /* Pods-iOSDemo.release.xcconfig */ = {isa = PBXFileReference; includeInIndex = 1; lastKnownFileType = text.xcconfig; name = "Pods-iOSDemo.release.xcconfig"; path = "Pods/Target Support Files/Pods-iOSDemo/Pods-iOSDemo.release.xcconfig"; sourceTree = "<group>"; };
		6120F33F06E9EF3B91C0D6CA /* Pods_iOSDemo.framework */ = {isa = PBXFileReference; explicitFileType = wrapper.framework; includeInIndex = 0; path = Pods_iOSDemo.framework; sourceTree = BUILT_PRODUCTS_DIR; };
		6C02D8E4225CB15F00963DB4 /* RuntimeViewController.h */ = {isa = PBXFileReference; lastKnownFileType = sourcecode.c.h; path = RuntimeViewController.h; sourceTree = "<group>"; };
		6C02D8E5225CB15F00963DB4 /* RuntimeViewController.m */ = {isa = PBXFileReference; lastKnownFileType = sourcecode.c.objc; path = RuntimeViewController.m; sourceTree = "<group>"; };
		6C044E3320CE4485009B77C9 /* XimageViewController.h */ = {isa = PBXFileReference; lastKnownFileType = sourcecode.c.h; path = XimageViewController.h; sourceTree = "<group>"; };
		6C044E3420CE4485009B77C9 /* XimageViewController.m */ = {isa = PBXFileReference; lastKnownFileType = sourcecode.c.objc; path = XimageViewController.m; sourceTree = "<group>"; };
		6C044E3620CE45C5009B77C9 /* Accelerate.framework */ = {isa = PBXFileReference; lastKnownFileType = wrapper.framework; name = Accelerate.framework; path = System/Library/Frameworks/Accelerate.framework; sourceTree = SDKROOT; };
		6C04F5642281B25400321253 /* flash1.swf */ = {isa = PBXFileReference; lastKnownFileType = file; path = flash1.swf; sourceTree = "<group>"; };
		6C0BD724242074E00002E956 /* AlgorithmicViewController.swift */ = {isa = PBXFileReference; fileEncoding = 4; lastKnownFileType = sourcecode.swift; path = AlgorithmicViewController.swift; sourceTree = "<group>"; };
		6C0BD727242075190002E956 /* XCPUImageController.h */ = {isa = PBXFileReference; lastKnownFileType = sourcecode.c.h; path = XCPUImageController.h; sourceTree = "<group>"; };
		6C0BD728242075190002E956 /* XCPUImageController.m */ = {isa = PBXFileReference; lastKnownFileType = sourcecode.c.objc; path = XCPUImageController.m; sourceTree = "<group>"; };
		6C0BD72A242348C90002E956 /* XTButton.h */ = {isa = PBXFileReference; lastKnownFileType = sourcecode.c.h; path = XTButton.h; sourceTree = "<group>"; };
		6C0BD72B242348C90002E956 /* XTButton.m */ = {isa = PBXFileReference; lastKnownFileType = sourcecode.c.objc; path = XTButton.m; sourceTree = "<group>"; };
		6C0BD72E24235B1C0002E956 /* XAnimationViewController.h */ = {isa = PBXFileReference; lastKnownFileType = sourcecode.c.h; path = XAnimationViewController.h; sourceTree = "<group>"; };
		6C0BD72F24235B1C0002E956 /* XAnimationViewController.m */ = {isa = PBXFileReference; lastKnownFileType = sourcecode.c.objc; path = XAnimationViewController.m; sourceTree = "<group>"; };
		6C0BD73124246CBC0002E956 /* XStackViewController.swift */ = {isa = PBXFileReference; lastKnownFileType = sourcecode.swift; path = XStackViewController.swift; sourceTree = "<group>"; };
		6C0BD7332424FF650002E956 /* XOtherViewController.swift */ = {isa = PBXFileReference; lastKnownFileType = sourcecode.swift; path = XOtherViewController.swift; sourceTree = "<group>"; };
		6C0BD871242653F20002E956 /* DataTypeViewController.swift */ = {isa = PBXFileReference; lastKnownFileType = sourcecode.swift; path = DataTypeViewController.swift; sourceTree = "<group>"; };
		6C0CB34922D6064200E4008D /* ConstructorViewController.swift */ = {isa = PBXFileReference; lastKnownFileType = sourcecode.swift; path = ConstructorViewController.swift; sourceTree = "<group>"; };
		6C0E11D322DEFDCA00360D76 /* XTransferViewController.h */ = {isa = PBXFileReference; lastKnownFileType = sourcecode.c.h; path = XTransferViewController.h; sourceTree = "<group>"; };
		6C0E11D422DEFDCA00360D76 /* XTransferViewController.m */ = {isa = PBXFileReference; lastKnownFileType = sourcecode.c.objc; path = XTransferViewController.m; sourceTree = "<group>"; };
		6C1DF32921A2A3AA009E4725 /* XStringViewController.h */ = {isa = PBXFileReference; lastKnownFileType = sourcecode.c.h; path = XStringViewController.h; sourceTree = "<group>"; };
		6C1DF32A21A2A3AA009E4725 /* XStringViewController.m */ = {isa = PBXFileReference; lastKnownFileType = sourcecode.c.objc; path = XStringViewController.m; sourceTree = "<group>"; };
		6C224C32228121AA00C8A6AE /* XFlashViewController.h */ = {isa = PBXFileReference; lastKnownFileType = sourcecode.c.h; path = XFlashViewController.h; sourceTree = "<group>"; };
		6C224C33228121AA00C8A6AE /* XFlashViewController.m */ = {isa = PBXFileReference; lastKnownFileType = sourcecode.c.objc; path = XFlashViewController.m; sourceTree = "<group>"; };
		6C39DF4120DBBDC00086D632 /* UIView+XExtensionView.h */ = {isa = PBXFileReference; lastKnownFileType = sourcecode.c.h; path = "UIView+XExtensionView.h"; sourceTree = "<group>"; };
		6C39DF4220DBBE580086D632 /* UIView+XCategory.h */ = {isa = PBXFileReference; lastKnownFileType = sourcecode.c.h; path = "UIView+XCategory.h"; sourceTree = "<group>"; };
		6C39DF4320DBBE580086D632 /* UIView+XCategory.m */ = {isa = PBXFileReference; lastKnownFileType = sourcecode.c.objc; path = "UIView+XCategory.m"; sourceTree = "<group>"; };
		6C39DF4520DBBE990086D632 /* UIViewController+XCategory.h */ = {isa = PBXFileReference; lastKnownFileType = sourcecode.c.h; path = "UIViewController+XCategory.h"; sourceTree = "<group>"; };
		6C39DF4620DBBE990086D632 /* UIViewController+XCategory.m */ = {isa = PBXFileReference; lastKnownFileType = sourcecode.c.objc; path = "UIViewController+XCategory.m"; sourceTree = "<group>"; };
		6C39DF4820DBBEEA0086D632 /* XCategoryViewController.h */ = {isa = PBXFileReference; lastKnownFileType = sourcecode.c.h; path = XCategoryViewController.h; sourceTree = "<group>"; };
		6C39DF4920DBBEEA0086D632 /* XCategoryViewController.m */ = {isa = PBXFileReference; lastKnownFileType = sourcecode.c.objc; path = XCategoryViewController.m; sourceTree = "<group>"; };
		6C4A64572241EF12008F187D /* XGuideViewController.h */ = {isa = PBXFileReference; lastKnownFileType = sourcecode.c.h; path = XGuideViewController.h; sourceTree = "<group>"; };
		6C4A64582241EF12008F187D /* XGuideViewController.m */ = {isa = PBXFileReference; lastKnownFileType = sourcecode.c.objc; path = XGuideViewController.m; sourceTree = "<group>"; };
		6C5B99FA21A3B5590020384C /* XWebViewController.h */ = {isa = PBXFileReference; lastKnownFileType = sourcecode.c.h; path = XWebViewController.h; sourceTree = "<group>"; };
		6C5B99FB21A3B5590020384C /* XWebViewController.m */ = {isa = PBXFileReference; lastKnownFileType = sourcecode.c.objc; path = XWebViewController.m; sourceTree = "<group>"; };
		6C601E1320AEC0E30022D8DE /* zh-Hans */ = {isa = PBXFileReference; lastKnownFileType = text.plist.strings; name = "zh-Hans"; path = "zh-Hans.lproj/Main.strings"; sourceTree = "<group>"; };
		6C601E1420AEC0E30022D8DE /* zh-Hans */ = {isa = PBXFileReference; lastKnownFileType = text.plist.strings; name = "zh-Hans"; path = "zh-Hans.lproj/LaunchScreen.strings"; sourceTree = "<group>"; };
		6C601E1620AEC17C0022D8DE /* en */ = {isa = PBXFileReference; lastKnownFileType = text.plist.strings; name = en; path = en.lproj/LaunchScreen.strings; sourceTree = "<group>"; };
		6C61CB382269B0D7002FE2A8 /* XBluetoothViewController.h */ = {isa = PBXFileReference; lastKnownFileType = sourcecode.c.h; path = XBluetoothViewController.h; sourceTree = "<group>"; };
		6C61CB392269B0D7002FE2A8 /* XBluetoothViewController.m */ = {isa = PBXFileReference; lastKnownFileType = sourcecode.c.objc; path = XBluetoothViewController.m; sourceTree = "<group>"; };
		6C61CB3B2269B403002FE2A8 /* CoreBluetooth.framework */ = {isa = PBXFileReference; lastKnownFileType = wrapper.framework; name = CoreBluetooth.framework; path = System/Library/Frameworks/CoreBluetooth.framework; sourceTree = SDKROOT; };
		6C6232D8215F789B001E85D4 /* XTableViewController.h */ = {isa = PBXFileReference; lastKnownFileType = sourcecode.c.h; path = XTableViewController.h; sourceTree = "<group>"; };
		6C6232D9215F789B001E85D4 /* XTableViewController.m */ = {isa = PBXFileReference; lastKnownFileType = sourcecode.c.objc; path = XTableViewController.m; sourceTree = "<group>"; };
		6C64584A20AD4B5D0046C2F9 /* iOSDemo.app */ = {isa = PBXFileReference; explicitFileType = wrapper.application; includeInIndex = 0; path = iOSDemo.app; sourceTree = BUILT_PRODUCTS_DIR; };
		6C64584D20AD4B5D0046C2F9 /* AppDelegate.h */ = {isa = PBXFileReference; lastKnownFileType = sourcecode.c.h; path = AppDelegate.h; sourceTree = "<group>"; };
		6C64584E20AD4B5D0046C2F9 /* AppDelegate.m */ = {isa = PBXFileReference; lastKnownFileType = sourcecode.c.objc; path = AppDelegate.m; sourceTree = "<group>"; };
		6C64585720AD4B5D0046C2F9 /* Base */ = {isa = PBXFileReference; lastKnownFileType = file.storyboard; name = Base; path = Base.lproj/Main.storyboard; sourceTree = "<group>"; };
		6C64585920AD4B5E0046C2F9 /* Assets.xcassets */ = {isa = PBXFileReference; lastKnownFileType = folder.assetcatalog; path = Assets.xcassets; sourceTree = "<group>"; };
		6C64585C20AD4B5E0046C2F9 /* Base */ = {isa = PBXFileReference; lastKnownFileType = file.storyboard; name = Base; path = Base.lproj/LaunchScreen.storyboard; sourceTree = "<group>"; };
		6C64585E20AD4B5E0046C2F9 /* Info.plist */ = {isa = PBXFileReference; lastKnownFileType = text.plist.xml; path = Info.plist; sourceTree = "<group>"; };
		6C64585F20AD4B5E0046C2F9 /* main.m */ = {isa = PBXFileReference; lastKnownFileType = sourcecode.c.objc; path = main.m; sourceTree = "<group>"; };
		6C64586520AD4B5E0046C2F9 /* iOSDemoTests.xctest */ = {isa = PBXFileReference; explicitFileType = wrapper.cfbundle; includeInIndex = 0; path = iOSDemoTests.xctest; sourceTree = BUILT_PRODUCTS_DIR; };
		6C64586920AD4B5E0046C2F9 /* iOSDemoTests.m */ = {isa = PBXFileReference; lastKnownFileType = sourcecode.c.objc; path = iOSDemoTests.m; sourceTree = "<group>"; };
		6C64586B20AD4B5E0046C2F9 /* Info.plist */ = {isa = PBXFileReference; lastKnownFileType = text.plist.xml; path = Info.plist; sourceTree = "<group>"; };
		6C64587020AD4B5E0046C2F9 /* iOSDemoUITests.xctest */ = {isa = PBXFileReference; explicitFileType = wrapper.cfbundle; includeInIndex = 0; path = iOSDemoUITests.xctest; sourceTree = BUILT_PRODUCTS_DIR; };
		6C64587420AD4B5E0046C2F9 /* iOSDemoUITests.m */ = {isa = PBXFileReference; lastKnownFileType = sourcecode.c.objc; path = iOSDemoUITests.m; sourceTree = "<group>"; };
		6C64587620AD4B5E0046C2F9 /* Info.plist */ = {isa = PBXFileReference; lastKnownFileType = text.plist.xml; path = Info.plist; sourceTree = "<group>"; };
		6C64588B20AD51580046C2F9 /* SwiftTableController.swift */ = {isa = PBXFileReference; fileEncoding = 4; lastKnownFileType = sourcecode.swift; path = SwiftTableController.swift; sourceTree = "<group>"; };
		6C64588C20AD51580046C2F9 /* iOSDemo-Bridging-Header.h */ = {isa = PBXFileReference; fileEncoding = 4; lastKnownFileType = sourcecode.c.h; path = "iOSDemo-Bridging-Header.h"; sourceTree = "<group>"; };
		6C64588E20AD51580046C2F9 /* ObjectiveCTableController.h */ = {isa = PBXFileReference; fileEncoding = 4; lastKnownFileType = sourcecode.c.h; path = ObjectiveCTableController.h; sourceTree = "<group>"; };
		6C64588F20AD51580046C2F9 /* ObjectiveCTableController.m */ = {isa = PBXFileReference; fileEncoding = 4; lastKnownFileType = sourcecode.c.objc; path = ObjectiveCTableController.m; sourceTree = "<group>"; };
		6C64589520AD670A0046C2F9 /* XPropertyViewController.h */ = {isa = PBXFileReference; lastKnownFileType = sourcecode.c.h; path = XPropertyViewController.h; sourceTree = "<group>"; };
		6C64589620AD670A0046C2F9 /* XPropertyViewController.m */ = {isa = PBXFileReference; lastKnownFileType = sourcecode.c.objc; path = XPropertyViewController.m; sourceTree = "<group>"; };
		6C64589920AD92360046C2F9 /* XBlockViewController.h */ = {isa = PBXFileReference; lastKnownFileType = sourcecode.c.h; path = XBlockViewController.h; sourceTree = "<group>"; };
		6C64589A20AD92360046C2F9 /* XBlockViewController.m */ = {isa = PBXFileReference; lastKnownFileType = sourcecode.c.objc; path = XBlockViewController.m; sourceTree = "<group>"; };
		6C678E9E23289409009DE3AB /* XMapViewController.h */ = {isa = PBXFileReference; lastKnownFileType = sourcecode.c.h; path = XMapViewController.h; sourceTree = "<group>"; };
		6C678E9F23289409009DE3AB /* XMapViewController.m */ = {isa = PBXFileReference; lastKnownFileType = sourcecode.c.objc; path = XMapViewController.m; sourceTree = "<group>"; };
		6C68BCD3223A5101007C8861 /* URLComponentsViewController.h */ = {isa = PBXFileReference; lastKnownFileType = sourcecode.c.h; path = URLComponentsViewController.h; sourceTree = "<group>"; };
		6C68BCD4223A5101007C8861 /* URLComponentsViewController.m */ = {isa = PBXFileReference; lastKnownFileType = sourcecode.c.objc; path = URLComponentsViewController.m; sourceTree = "<group>"; };
		6C68BCD6223A6328007C8861 /* ABGuideView.h */ = {isa = PBXFileReference; fileEncoding = 4; lastKnownFileType = sourcecode.c.h; path = ABGuideView.h; sourceTree = "<group>"; };
		6C68BCD7223A6328007C8861 /* ABGuideView.m */ = {isa = PBXFileReference; fileEncoding = 4; lastKnownFileType = sourcecode.c.objc; path = ABGuideView.m; sourceTree = "<group>"; };
		6C69F53622DC2B9C00677BD7 /* ProtocolViewController.swift */ = {isa = PBXFileReference; lastKnownFileType = sourcecode.swift; path = ProtocolViewController.swift; sourceTree = "<group>"; };
		6C6B66832399F2C200F2D368 /* XTableViewCell.h */ = {isa = PBXFileReference; lastKnownFileType = sourcecode.c.h; path = XTableViewCell.h; sourceTree = "<group>"; };
		6C6B66842399F2C200F2D368 /* XTableViewCell.m */ = {isa = PBXFileReference; lastKnownFileType = sourcecode.c.objc; path = XTableViewCell.m; sourceTree = "<group>"; };
		6C6F7F7520C7C27400C5C151 /* XYViewController.h */ = {isa = PBXFileReference; lastKnownFileType = sourcecode.c.h; path = XYViewController.h; sourceTree = "<group>"; };
		6C6F7F7620C7C27400C5C151 /* XYViewController.m */ = {isa = PBXFileReference; lastKnownFileType = sourcecode.c.objc; path = XYViewController.m; sourceTree = "<group>"; };
		6C6F7F7820C7C44000C5C151 /* XYView.h */ = {isa = PBXFileReference; lastKnownFileType = sourcecode.c.h; path = XYView.h; sourceTree = "<group>"; };
		6C6F7F7920C7C44000C5C151 /* XYView.m */ = {isa = PBXFileReference; lastKnownFileType = sourcecode.c.objc; path = XYView.m; sourceTree = "<group>"; };
		6C989A7423950AA000B24663 /* XCollectionViewController.h */ = {isa = PBXFileReference; lastKnownFileType = sourcecode.c.h; path = XCollectionViewController.h; sourceTree = "<group>"; };
		6C989A7523950AA000B24663 /* XCollectionViewController.m */ = {isa = PBXFileReference; lastKnownFileType = sourcecode.c.objc; path = XCollectionViewController.m; sourceTree = "<group>"; };
		6C98ABB0237E9291006839EB /* XModel.h */ = {isa = PBXFileReference; lastKnownFileType = sourcecode.c.h; path = XModel.h; sourceTree = "<group>"; };
		6C98ABB1237E9291006839EB /* XModel.m */ = {isa = PBXFileReference; lastKnownFileType = sourcecode.c.objc; path = XModel.m; sourceTree = "<group>"; };
		6CB429C820C545E9000CFD37 /* XcalendarViewController.h */ = {isa = PBXFileReference; lastKnownFileType = sourcecode.c.h; path = XcalendarViewController.h; sourceTree = "<group>"; };
		6CB429C920C545E9000CFD37 /* XcalendarViewController.m */ = {isa = PBXFileReference; lastKnownFileType = sourcecode.c.objc; path = XcalendarViewController.m; sourceTree = "<group>"; };
		6CB429CD20C5468D000CFD37 /* NSDate+GFCalendar.h */ = {isa = PBXFileReference; fileEncoding = 4; lastKnownFileType = sourcecode.c.h; path = "NSDate+GFCalendar.h"; sourceTree = "<group>"; };
		6CB429CE20C5468D000CFD37 /* LXCalendarWeekView.m */ = {isa = PBXFileReference; fileEncoding = 4; lastKnownFileType = sourcecode.c.objc; path = LXCalendarWeekView.m; sourceTree = "<group>"; };
		6CB429CF20C5468D000CFD37 /* LXCalendarView.h */ = {isa = PBXFileReference; fileEncoding = 4; lastKnownFileType = sourcecode.c.h; path = LXCalendarView.h; sourceTree = "<group>"; };
		6CB429D020C5468D000CFD37 /* LXCalendarHearder.xib */ = {isa = PBXFileReference; fileEncoding = 4; lastKnownFileType = file.xib; path = LXCalendarHearder.xib; sourceTree = "<group>"; };
		6CB429D120C5468D000CFD37 /* LXCalendarMonthModel.h */ = {isa = PBXFileReference; fileEncoding = 4; lastKnownFileType = sourcecode.c.h; path = LXCalendarMonthModel.h; sourceTree = "<group>"; };
		6CB429D220C5468D000CFD37 /* LXCalendarHearder.m */ = {isa = PBXFileReference; fileEncoding = 4; lastKnownFileType = sourcecode.c.objc; path = LXCalendarHearder.m; sourceTree = "<group>"; };
		6CB429D320C5468D000CFD37 /* LXCalenderCell.xib */ = {isa = PBXFileReference; fileEncoding = 4; lastKnownFileType = file.xib; path = LXCalenderCell.xib; sourceTree = "<group>"; };
		6CB429D420C5468D000CFD37 /* LXCalenderCell.h */ = {isa = PBXFileReference; fileEncoding = 4; lastKnownFileType = sourcecode.c.h; path = LXCalenderCell.h; sourceTree = "<group>"; };
		6CB429D520C5468D000CFD37 /* LXCalendarDayModel.m */ = {isa = PBXFileReference; fileEncoding = 4; lastKnownFileType = sourcecode.c.objc; path = LXCalendarDayModel.m; sourceTree = "<group>"; };
		6CB429D620C5468D000CFD37 /* LXCalender.h */ = {isa = PBXFileReference; fileEncoding = 4; lastKnownFileType = sourcecode.c.h; path = LXCalender.h; sourceTree = "<group>"; };
		6CB429D720C5468D000CFD37 /* LXCalendarView.m */ = {isa = PBXFileReference; fileEncoding = 4; lastKnownFileType = sourcecode.c.objc; path = LXCalendarView.m; sourceTree = "<group>"; };
		6CB429D820C5468D000CFD37 /* LXCalendarWeekView.h */ = {isa = PBXFileReference; fileEncoding = 4; lastKnownFileType = sourcecode.c.h; path = LXCalendarWeekView.h; sourceTree = "<group>"; };
		6CB429D920C5468D000CFD37 /* NSDate+GFCalendar.m */ = {isa = PBXFileReference; fileEncoding = 4; lastKnownFileType = sourcecode.c.objc; path = "NSDate+GFCalendar.m"; sourceTree = "<group>"; };
		6CB429DA20C5468D000CFD37 /* LXCalendarHearder.h */ = {isa = PBXFileReference; fileEncoding = 4; lastKnownFileType = sourcecode.c.h; path = LXCalendarHearder.h; sourceTree = "<group>"; };
		6CB429DB20C5468D000CFD37 /* LXCalendarMonthModel.m */ = {isa = PBXFileReference; fileEncoding = 4; lastKnownFileType = sourcecode.c.objc; path = LXCalendarMonthModel.m; sourceTree = "<group>"; };
		6CB429DC20C5468D000CFD37 /* LXCalendarDayModel.h */ = {isa = PBXFileReference; fileEncoding = 4; lastKnownFileType = sourcecode.c.h; path = LXCalendarDayModel.h; sourceTree = "<group>"; };
		6CB429DD20C5468D000CFD37 /* LXCalenderCell.m */ = {isa = PBXFileReference; fileEncoding = 4; lastKnownFileType = sourcecode.c.objc; path = LXCalenderCell.m; sourceTree = "<group>"; };
		6CB429E720C546AE000CFD37 /* XYCalendarView.h */ = {isa = PBXFileReference; lastKnownFileType = sourcecode.c.h; path = XYCalendarView.h; sourceTree = "<group>"; };
		6CB429E820C546AE000CFD37 /* XYCalendarView.m */ = {isa = PBXFileReference; lastKnownFileType = sourcecode.c.objc; path = XYCalendarView.m; sourceTree = "<group>"; };
		6CB429EB20C547DB000CFD37 /* UILabel+LXLabel.h */ = {isa = PBXFileReference; fileEncoding = 4; lastKnownFileType = sourcecode.c.h; path = "UILabel+LXLabel.h"; sourceTree = "<group>"; };
		6CB429EC20C547DB000CFD37 /* UIView+LX_Frame.h */ = {isa = PBXFileReference; fileEncoding = 4; lastKnownFileType = sourcecode.c.h; path = "UIView+LX_Frame.h"; sourceTree = "<group>"; };
		6CB429ED20C547DB000CFD37 /* LxButton.h */ = {isa = PBXFileReference; fileEncoding = 4; lastKnownFileType = sourcecode.c.h; path = LxButton.h; sourceTree = "<group>"; };
		6CB429EE20C547DB000CFD37 /* UIView+FTCornerdious.m */ = {isa = PBXFileReference; fileEncoding = 4; lastKnownFileType = sourcecode.c.objc; path = "UIView+FTCornerdious.m"; sourceTree = "<group>"; };
		6CB429EF20C547DB000CFD37 /* UIColor+Expanded.h */ = {isa = PBXFileReference; fileEncoding = 4; lastKnownFileType = sourcecode.c.h; path = "UIColor+Expanded.h"; sourceTree = "<group>"; };
		6CB429F020C547DB000CFD37 /* UIView+LX_Frame.m */ = {isa = PBXFileReference; fileEncoding = 4; lastKnownFileType = sourcecode.c.objc; path = "UIView+LX_Frame.m"; sourceTree = "<group>"; };
		6CB429F120C547DB000CFD37 /* UILabel+LXLabel.m */ = {isa = PBXFileReference; fileEncoding = 4; lastKnownFileType = sourcecode.c.objc; path = "UILabel+LXLabel.m"; sourceTree = "<group>"; };
		6CB429F220C547DB000CFD37 /* LxButton.m */ = {isa = PBXFileReference; fileEncoding = 4; lastKnownFileType = sourcecode.c.objc; path = LxButton.m; sourceTree = "<group>"; };
		6CB429F320C547DB000CFD37 /* UIColor+Expanded.m */ = {isa = PBXFileReference; fileEncoding = 4; lastKnownFileType = sourcecode.c.objc; path = "UIColor+Expanded.m"; sourceTree = "<group>"; };
		6CB429F420C547DB000CFD37 /* UIView+FTCornerdious.h */ = {isa = PBXFileReference; fileEncoding = 4; lastKnownFileType = sourcecode.c.h; path = "UIView+FTCornerdious.h"; sourceTree = "<group>"; };
		6CB429FB20C54B00000CFD37 /* XTools.h */ = {isa = PBXFileReference; lastKnownFileType = sourcecode.c.h; path = XTools.h; sourceTree = "<group>"; };
		6CB429FC20C54B00000CFD37 /* XTools.m */ = {isa = PBXFileReference; lastKnownFileType = sourcecode.c.objc; path = XTools.m; sourceTree = "<group>"; };
		6CBAB4AA211D69B7009E07B1 /* ABCalendarController.h */ = {isa = PBXFileReference; lastKnownFileType = sourcecode.c.h; path = ABCalendarController.h; sourceTree = "<group>"; };
		6CBAB4AB211D69B7009E07B1 /* ABCalendarController.m */ = {isa = PBXFileReference; lastKnownFileType = sourcecode.c.objc; path = ABCalendarController.m; sourceTree = "<group>"; };
		6CE1A8B42418D43B00754036 /* XShareInstance.h */ = {isa = PBXFileReference; lastKnownFileType = sourcecode.c.h; path = XShareInstance.h; sourceTree = "<group>"; };
		6CE1A8B52418D43B00754036 /* XShareInstance.m */ = {isa = PBXFileReference; lastKnownFileType = sourcecode.c.objc; path = XShareInstance.m; sourceTree = "<group>"; };
		6CE1A8B8241BA53C00754036 /* XOCViewController.h */ = {isa = PBXFileReference; lastKnownFileType = sourcecode.c.h; path = XOCViewController.h; sourceTree = "<group>"; };
		6CE1A8B9241BA53C00754036 /* XOCViewController.m */ = {isa = PBXFileReference; lastKnownFileType = sourcecode.c.objc; path = XOCViewController.m; sourceTree = "<group>"; };
		6CE1A8BB241BA54F00754036 /* XSuperViewController.h */ = {isa = PBXFileReference; lastKnownFileType = sourcecode.c.h; path = XSuperViewController.h; sourceTree = "<group>"; };
		6CE1A8BC241BA54F00754036 /* XSuperViewController.m */ = {isa = PBXFileReference; lastKnownFileType = sourcecode.c.objc; path = XSuperViewController.m; sourceTree = "<group>"; };
		6CE1A8BE241BA57000754036 /* XFatherObj.h */ = {isa = PBXFileReference; lastKnownFileType = sourcecode.c.h; path = XFatherObj.h; sourceTree = "<group>"; };
		6CE1A8BF241BA57000754036 /* XFatherObj.m */ = {isa = PBXFileReference; lastKnownFileType = sourcecode.c.objc; path = XFatherObj.m; sourceTree = "<group>"; };
		6CE1A8C1241BA58100754036 /* XSonObj.h */ = {isa = PBXFileReference; lastKnownFileType = sourcecode.c.h; path = XSonObj.h; sourceTree = "<group>"; };
		6CE1A8C2241BA58100754036 /* XSonObj.m */ = {isa = PBXFileReference; lastKnownFileType = sourcecode.c.objc; path = XSonObj.m; sourceTree = "<group>"; };
		6CE1A8C4241BA5BF00754036 /* XDaughterObj.h */ = {isa = PBXFileReference; lastKnownFileType = sourcecode.c.h; path = XDaughterObj.h; sourceTree = "<group>"; };
		6CE1A8C5241BA5BF00754036 /* XDaughterObj.m */ = {isa = PBXFileReference; lastKnownFileType = sourcecode.c.objc; path = XDaughterObj.m; sourceTree = "<group>"; };
		6CE1A8C7241BA88C00754036 /* XSonObj+cate.h */ = {isa = PBXFileReference; lastKnownFileType = sourcecode.c.h; path = "XSonObj+cate.h"; sourceTree = "<group>"; };
		6CE1A8C8241BA88C00754036 /* XSonObj+cate.m */ = {isa = PBXFileReference; lastKnownFileType = sourcecode.c.objc; path = "XSonObj+cate.m"; sourceTree = "<group>"; };
		6CE1A8CA241BB33100754036 /* XWifeObj.h */ = {isa = PBXFileReference; lastKnownFileType = sourcecode.c.h; path = XWifeObj.h; sourceTree = "<group>"; };
		6CE1A8CB241BB33100754036 /* XWifeObj.m */ = {isa = PBXFileReference; lastKnownFileType = sourcecode.c.objc; path = XWifeObj.m; sourceTree = "<group>"; };
		6CE1A8CE241CAFD400754036 /* XThreadViewController.h */ = {isa = PBXFileReference; lastKnownFileType = sourcecode.c.h; path = XThreadViewController.h; sourceTree = "<group>"; };
		6CE1A8CF241CAFD400754036 /* XThreadViewController.m */ = {isa = PBXFileReference; lastKnownFileType = sourcecode.c.objc; path = XThreadViewController.m; sourceTree = "<group>"; };
		6CE1A8D1241E353100754036 /* XThread2ViewController.h */ = {isa = PBXFileReference; lastKnownFileType = sourcecode.c.h; path = XThread2ViewController.h; sourceTree = "<group>"; };
		6CE1A8D2241E353100754036 /* XThread2ViewController.m */ = {isa = PBXFileReference; lastKnownFileType = sourcecode.c.objc; path = XThread2ViewController.m; sourceTree = "<group>"; };
		6CE1A8DA241E678F00754036 /* GrammarTableViewController.h */ = {isa = PBXFileReference; lastKnownFileType = sourcecode.c.h; path = GrammarTableViewController.h; sourceTree = "<group>"; };
		6CE1A8DB241E678F00754036 /* GrammarTableViewController.m */ = {isa = PBXFileReference; lastKnownFileType = sourcecode.c.objc; path = GrammarTableViewController.m; sourceTree = "<group>"; };
		6CE36BBA22D484BD00B38008 /* SwiftBlocksViewController.swift */ = {isa = PBXFileReference; lastKnownFileType = sourcecode.swift; path = SwiftBlocksViewController.swift; sourceTree = "<group>"; };
		6CE36BBC22D4AB3B00B38008 /* EnumViewController.swift */ = {isa = PBXFileReference; lastKnownFileType = sourcecode.swift; path = EnumViewController.swift; sourceTree = "<group>"; };
		6CE4DB8322D742E4008F01A9 /* ExtensionViewController.swift */ = {isa = PBXFileReference; lastKnownFileType = sourcecode.swift; path = ExtensionViewController.swift; sourceTree = "<group>"; };
		A925C9B207F37E35CFCEF1CB /* Pods-iOSDemo.debug.xcconfig */ = {isa = PBXFileReference; includeInIndex = 1; lastKnownFileType = text.xcconfig; name = "Pods-iOSDemo.debug.xcconfig"; path = "Pods/Target Support Files/Pods-iOSDemo/Pods-iOSDemo.debug.xcconfig"; sourceTree = "<group>"; };
/* End PBXFileReference section */

/* Begin PBXFrameworksBuildPhase section */
		6C64584720AD4B5D0046C2F9 /* Frameworks */ = {
			isa = PBXFrameworksBuildPhase;
			buildActionMask = 2147483647;
			files = (
				6C61CB3C2269B403002FE2A8 /* CoreBluetooth.framework in Frameworks */,
				6C044E3720CE45C5009B77C9 /* Accelerate.framework in Frameworks */,
				6BBD23DDCEFF46136546B5E0 /* Pods_iOSDemo.framework in Frameworks */,
			);
			runOnlyForDeploymentPostprocessing = 0;
		};
		6C64586220AD4B5E0046C2F9 /* Frameworks */ = {
			isa = PBXFrameworksBuildPhase;
			buildActionMask = 2147483647;
			files = (
			);
			runOnlyForDeploymentPostprocessing = 0;
		};
		6C64586D20AD4B5E0046C2F9 /* Frameworks */ = {
			isa = PBXFrameworksBuildPhase;
			buildActionMask = 2147483647;
			files = (
			);
			runOnlyForDeploymentPostprocessing = 0;
		};
/* End PBXFrameworksBuildPhase section */

/* Begin PBXGroup section */
		5FCA35D45752EB5847E71DEE /* Frameworks */ = {
			isa = PBXGroup;
			children = (
				6C61CB3B2269B403002FE2A8 /* CoreBluetooth.framework */,
				6C044E3620CE45C5009B77C9 /* Accelerate.framework */,
				6120F33F06E9EF3B91C0D6CA /* Pods_iOSDemo.framework */,
			);
			name = Frameworks;
			sourceTree = "<group>";
		};
		6C02D8E3225CB14500963DB4 /* Runtime */ = {
			isa = PBXGroup;
			children = (
				6C02D8E4225CB15F00963DB4 /* RuntimeViewController.h */,
				6C02D8E5225CB15F00963DB4 /* RuntimeViewController.m */,
			);
			path = Runtime;
			sourceTree = "<group>";
		};
		6C044E3220CE446B009B77C9 /* Ximage */ = {
			isa = PBXGroup;
			children = (
				6C044E3320CE4485009B77C9 /* XimageViewController.h */,
				6C044E3420CE4485009B77C9 /* XimageViewController.m */,
			);
			path = Ximage;
			sourceTree = "<group>";
		};
		6C0BD723242074E00002E956 /* Algorithmic */ = {
			isa = PBXGroup;
			children = (
				6C0BD724242074E00002E956 /* AlgorithmicViewController.swift */,
			);
			path = Algorithmic;
			sourceTree = "<group>";
		};
		6C0BD726242074F40002E956 /* CPUImage */ = {
			isa = PBXGroup;
			children = (
				6C0BD727242075190002E956 /* XCPUImageController.h */,
				6C0BD728242075190002E956 /* XCPUImageController.m */,
			);
			path = CPUImage;
			sourceTree = "<group>";
		};
		6C0BD72D24235AF10002E956 /* Xanimation */ = {
			isa = PBXGroup;
			children = (
				6C0BD72E24235B1C0002E956 /* XAnimationViewController.h */,
				6C0BD72F24235B1C0002E956 /* XAnimationViewController.m */,
			);
			name = Xanimation;
			path = ObjectiveC/Xanimation;
			sourceTree = SOURCE_ROOT;
		};
		6C0E11D222DEFDA000360D76 /* Transfer */ = {
			isa = PBXGroup;
			children = (
				6C0E11D322DEFDCA00360D76 /* XTransferViewController.h */,
				6C0E11D422DEFDCA00360D76 /* XTransferViewController.m */,
			);
			name = Transfer;
			path = ObjectiveC/Transfer;
			sourceTree = SOURCE_ROOT;
		};
		6C1DF32821A2A393009E4725 /* XString */ = {
			isa = PBXGroup;
			children = (
				6C1DF32921A2A3AA009E4725 /* XStringViewController.h */,
				6C1DF32A21A2A3AA009E4725 /* XStringViewController.m */,
			);
			path = XString;
			sourceTree = "<group>";
		};
		6C224C312281219A00C8A6AE /* XFlash */ = {
			isa = PBXGroup;
			children = (
				6C04F5642281B25400321253 /* flash1.swf */,
				6C224C32228121AA00C8A6AE /* XFlashViewController.h */,
				6C224C33228121AA00C8A6AE /* XFlashViewController.m */,
			);
			path = XFlash;
			sourceTree = "<group>";
		};
		6C39DF3C20DBB8910086D632 /* XCategory */ = {
			isa = PBXGroup;
			children = (
				6C39DF4520DBBE990086D632 /* UIViewController+XCategory.h */,
				6C39DF4620DBBE990086D632 /* UIViewController+XCategory.m */,
				6C39DF4220DBBE580086D632 /* UIView+XCategory.h */,
				6C39DF4320DBBE580086D632 /* UIView+XCategory.m */,
				6C39DF4820DBBEEA0086D632 /* XCategoryViewController.h */,
				6C39DF4920DBBEEA0086D632 /* XCategoryViewController.m */,
			);
			path = XCategory;
			sourceTree = "<group>";
		};
		6C39DF3D20DBB8910086D632 /* XExtension */ = {
			isa = PBXGroup;
			children = (
				6C39DF4120DBBDC00086D632 /* UIView+XExtensionView.h */,
			);
			path = XExtension;
			sourceTree = "<group>";
		};
		6C4A64562241EEFA008F187D /* XGuide */ = {
			isa = PBXGroup;
			children = (
				6C4A64572241EF12008F187D /* XGuideViewController.h */,
				6C4A64582241EF12008F187D /* XGuideViewController.m */,
			);
			path = XGuide;
			sourceTree = "<group>";
		};
		6C5B99F921A3B5450020384C /* XwebView */ = {
			isa = PBXGroup;
			children = (
				6C5B99FA21A3B5590020384C /* XWebViewController.h */,
				6C5B99FB21A3B5590020384C /* XWebViewController.m */,
				6C68BCD3223A5101007C8861 /* URLComponentsViewController.h */,
				6C68BCD4223A5101007C8861 /* URLComponentsViewController.m */,
			);
			path = XwebView;
			sourceTree = "<group>";
		};
		6C61CB372269B0C6002FE2A8 /* XBLuetooth */ = {
			isa = PBXGroup;
			children = (
				6C61CB382269B0D7002FE2A8 /* XBluetoothViewController.h */,
				6C61CB392269B0D7002FE2A8 /* XBluetoothViewController.m */,
			);
			path = XBLuetooth;
			sourceTree = "<group>";
		};
		6C6232D7215F787A001E85D4 /* XTableView */ = {
			isa = PBXGroup;
			children = (
				6C6232D8215F789B001E85D4 /* XTableViewController.h */,
				6C6232D9215F789B001E85D4 /* XTableViewController.m */,
				6C6B66832399F2C200F2D368 /* XTableViewCell.h */,
				6C6B66842399F2C200F2D368 /* XTableViewCell.m */,
			);
			path = XTableView;
			sourceTree = "<group>";
		};
		6C64584120AD4B5D0046C2F9 = {
			isa = PBXGroup;
			children = (
				6C64584C20AD4B5D0046C2F9 /* iOSDemo */,
				6C64586820AD4B5E0046C2F9 /* iOSDemoTests */,
				6C64587320AD4B5E0046C2F9 /* iOSDemoUITests */,
				6C64584B20AD4B5D0046C2F9 /* Products */,
				D8179603DC72859B01FBE2C6 /* Pods */,
				5FCA35D45752EB5847E71DEE /* Frameworks */,
			);
			sourceTree = "<group>";
		};
		6C64584B20AD4B5D0046C2F9 /* Products */ = {
			isa = PBXGroup;
			children = (
				6C64584A20AD4B5D0046C2F9 /* iOSDemo.app */,
				6C64586520AD4B5E0046C2F9 /* iOSDemoTests.xctest */,
				6C64587020AD4B5E0046C2F9 /* iOSDemoUITests.xctest */,
			);
			name = Products;
			sourceTree = "<group>";
		};
		6C64584C20AD4B5D0046C2F9 /* iOSDemo */ = {
			isa = PBXGroup;
			children = (
				6CE1A8D4241E661900754036 /* Grammar */,
				6CB429FA20C54AF2000CFD37 /* Common */,
				6C64588D20AD51580046C2F9 /* ObjectiveC */,
				6C64588A20AD51580046C2F9 /* Swift */,
				6C64584D20AD4B5D0046C2F9 /* AppDelegate.h */,
				6C64584E20AD4B5D0046C2F9 /* AppDelegate.m */,
				6C64585620AD4B5D0046C2F9 /* Main.storyboard */,
				6C64585920AD4B5E0046C2F9 /* Assets.xcassets */,
				6C64585B20AD4B5E0046C2F9 /* LaunchScreen.storyboard */,
				6C64585E20AD4B5E0046C2F9 /* Info.plist */,
				6C64585F20AD4B5E0046C2F9 /* main.m */,
			);
			path = iOSDemo;
			sourceTree = "<group>";
		};
		6C64586820AD4B5E0046C2F9 /* iOSDemoTests */ = {
			isa = PBXGroup;
			children = (
				6C64586920AD4B5E0046C2F9 /* iOSDemoTests.m */,
				6C64586B20AD4B5E0046C2F9 /* Info.plist */,
			);
			path = iOSDemoTests;
			sourceTree = "<group>";
		};
		6C64587320AD4B5E0046C2F9 /* iOSDemoUITests */ = {
			isa = PBXGroup;
			children = (
				6C64587420AD4B5E0046C2F9 /* iOSDemoUITests.m */,
				6C64587620AD4B5E0046C2F9 /* Info.plist */,
			);
			path = iOSDemoUITests;
			sourceTree = "<group>";
		};
		6C64588A20AD51580046C2F9 /* Swift */ = {
			isa = PBXGroup;
			children = (
				6C64588B20AD51580046C2F9 /* SwiftTableController.swift */,
				6C0BD871242653F20002E956 /* DataTypeViewController.swift */,
				6CE36BBA22D484BD00B38008 /* SwiftBlocksViewController.swift */,
				6C0BD7332424FF650002E956 /* XOtherViewController.swift */,
				6CE36BBC22D4AB3B00B38008 /* EnumViewController.swift */,
				6C0CB34922D6064200E4008D /* ConstructorViewController.swift */,
				6CE4DB8322D742E4008F01A9 /* ExtensionViewController.swift */,
				6C69F53622DC2B9C00677BD7 /* ProtocolViewController.swift */,
				6C0BD73124246CBC0002E956 /* XStackViewController.swift */,
				6C64588C20AD51580046C2F9 /* iOSDemo-Bridging-Header.h */,
			);
			path = Swift;
			sourceTree = SOURCE_ROOT;
		};
		6C64588D20AD51580046C2F9 /* ObjectiveC */ = {
			isa = PBXGroup;
			children = (
				6C64588E20AD51580046C2F9 /* ObjectiveCTableController.h */,
				6C64588F20AD51580046C2F9 /* ObjectiveCTableController.m */,
				6CE1A8B7241BA52300754036 /* OC */,
				6CE1A8CD241CAFC300754036 /* XThread */,
				6C989A7323950A8200B24663 /* XCollectionView */,
				6C678E9D232893FE009DE3AB /* Map */,
				6C0E11D222DEFDA000360D76 /* Transfer */,
				6C224C312281219A00C8A6AE /* XFlash */,
				6C61CB372269B0C6002FE2A8 /* XBLuetooth */,
				6C02D8E3225CB14500963DB4 /* Runtime */,
				6C4A64562241EEFA008F187D /* XGuide */,
				6C6232D7215F787A001E85D4 /* XTableView */,
				6C5B99F921A3B5450020384C /* XwebView */,
				6C1DF32821A2A393009E4725 /* XString */,
				6C39DF3C20DBB8910086D632 /* XCategory */,
				6C39DF3D20DBB8910086D632 /* XExtension */,
				6C044E3220CE446B009B77C9 /* Ximage */,
				6CB429C720C545CD000CFD37 /* Xcalendar */,
				6C64589820AD92220046C2F9 /* XBlock */,
				6C6F7F7420C7C25F00C5C151 /* XYView */,
				6C0BD72D24235AF10002E956 /* Xanimation */,
				6C64589220AD61DE0046C2F9 /* xProperty */,
			);
			path = ObjectiveC;
			sourceTree = SOURCE_ROOT;
		};
		6C64589220AD61DE0046C2F9 /* xProperty */ = {
			isa = PBXGroup;
			children = (
				6C64589520AD670A0046C2F9 /* XPropertyViewController.h */,
				6C64589620AD670A0046C2F9 /* XPropertyViewController.m */,
				6C98ABB0237E9291006839EB /* XModel.h */,
				6C98ABB1237E9291006839EB /* XModel.m */,
			);
			path = xProperty;
			sourceTree = "<group>";
		};
		6C64589820AD92220046C2F9 /* XBlock */ = {
			isa = PBXGroup;
			children = (
				6C64589920AD92360046C2F9 /* XBlockViewController.h */,
				6C64589A20AD92360046C2F9 /* XBlockViewController.m */,
				6CE1A8B42418D43B00754036 /* XShareInstance.h */,
				6CE1A8B52418D43B00754036 /* XShareInstance.m */,
			);
			path = XBlock;
			sourceTree = "<group>";
		};
		6C678E9D232893FE009DE3AB /* Map */ = {
			isa = PBXGroup;
			children = (
				6C678E9E23289409009DE3AB /* XMapViewController.h */,
				6C678E9F23289409009DE3AB /* XMapViewController.m */,
			);
			path = Map;
			sourceTree = "<group>";
		};
		6C6F7F7420C7C25F00C5C151 /* XYView */ = {
			isa = PBXGroup;
			children = (
				6C68BCD6223A6328007C8861 /* ABGuideView.h */,
				6C68BCD7223A6328007C8861 /* ABGuideView.m */,
				6C6F7F7520C7C27400C5C151 /* XYViewController.h */,
				6C6F7F7620C7C27400C5C151 /* XYViewController.m */,
				6C6F7F7820C7C44000C5C151 /* XYView.h */,
				6C6F7F7920C7C44000C5C151 /* XYView.m */,
			);
			path = XYView;
			sourceTree = "<group>";
		};
		6C989A7323950A8200B24663 /* XCollectionView */ = {
			isa = PBXGroup;
			children = (
				6C989A7423950AA000B24663 /* XCollectionViewController.h */,
				6C989A7523950AA000B24663 /* XCollectionViewController.m */,
			);
			path = XCollectionView;
			sourceTree = "<group>";
		};
		6CB429C720C545CD000CFD37 /* Xcalendar */ = {
			isa = PBXGroup;
			children = (
				6CB429C820C545E9000CFD37 /* XcalendarViewController.h */,
				6CB429C920C545E9000CFD37 /* XcalendarViewController.m */,
				6CBAB4AA211D69B7009E07B1 /* ABCalendarController.h */,
				6CBAB4AB211D69B7009E07B1 /* ABCalendarController.m */,
				6CB429CB20C5463A000CFD37 /* XYCalendar */,
			);
			path = Xcalendar;
			sourceTree = "<group>";
		};
		6CB429CB20C5463A000CFD37 /* XYCalendar */ = {
			isa = PBXGroup;
			children = (
				6CB429CC20C5468D000CFD37 /* LXCalendar */,
				6CB429E720C546AE000CFD37 /* XYCalendarView.h */,
				6CB429E820C546AE000CFD37 /* XYCalendarView.m */,
			);
			path = XYCalendar;
			sourceTree = "<group>";
		};
		6CB429CC20C5468D000CFD37 /* LXCalendar */ = {
			isa = PBXGroup;
			children = (
				6CB429EA20C547DB000CFD37 /* LXCategory */,
				6CB429DC20C5468D000CFD37 /* LXCalendarDayModel.h */,
				6CB429D520C5468D000CFD37 /* LXCalendarDayModel.m */,
				6CB429DA20C5468D000CFD37 /* LXCalendarHearder.h */,
				6CB429D220C5468D000CFD37 /* LXCalendarHearder.m */,
				6CB429D020C5468D000CFD37 /* LXCalendarHearder.xib */,
				6CB429D120C5468D000CFD37 /* LXCalendarMonthModel.h */,
				6CB429DB20C5468D000CFD37 /* LXCalendarMonthModel.m */,
				6CB429CF20C5468D000CFD37 /* LXCalendarView.h */,
				6CB429D720C5468D000CFD37 /* LXCalendarView.m */,
				6CB429D820C5468D000CFD37 /* LXCalendarWeekView.h */,
				6CB429CE20C5468D000CFD37 /* LXCalendarWeekView.m */,
				6CB429D620C5468D000CFD37 /* LXCalender.h */,
				6CB429D420C5468D000CFD37 /* LXCalenderCell.h */,
				6CB429DD20C5468D000CFD37 /* LXCalenderCell.m */,
				6CB429D320C5468D000CFD37 /* LXCalenderCell.xib */,
				6CB429CD20C5468D000CFD37 /* NSDate+GFCalendar.h */,
				6CB429D920C5468D000CFD37 /* NSDate+GFCalendar.m */,
			);
			path = LXCalendar;
			sourceTree = "<group>";
		};
		6CB429EA20C547DB000CFD37 /* LXCategory */ = {
			isa = PBXGroup;
			children = (
				6CB429EB20C547DB000CFD37 /* UILabel+LXLabel.h */,
				6CB429EC20C547DB000CFD37 /* UIView+LX_Frame.h */,
				6CB429ED20C547DB000CFD37 /* LxButton.h */,
				6CB429EE20C547DB000CFD37 /* UIView+FTCornerdious.m */,
				6CB429EF20C547DB000CFD37 /* UIColor+Expanded.h */,
				6CB429F020C547DB000CFD37 /* UIView+LX_Frame.m */,
				6CB429F120C547DB000CFD37 /* UILabel+LXLabel.m */,
				6CB429F220C547DB000CFD37 /* LxButton.m */,
				6CB429F320C547DB000CFD37 /* UIColor+Expanded.m */,
				6CB429F420C547DB000CFD37 /* UIView+FTCornerdious.h */,
			);
			path = LXCategory;
			sourceTree = "<group>";
		};
		6CB429FA20C54AF2000CFD37 /* Common */ = {
			isa = PBXGroup;
			children = (
				6CB429FB20C54B00000CFD37 /* XTools.h */,
				6CB429FC20C54B00000CFD37 /* XTools.m */,
			);
			path = Common;
			sourceTree = SOURCE_ROOT;
		};
		6CE1A8B7241BA52300754036 /* OC */ = {
			isa = PBXGroup;
			children = (
				6CE1A8B8241BA53C00754036 /* XOCViewController.h */,
				6CE1A8B9241BA53C00754036 /* XOCViewController.m */,
				6CE1A8BB241BA54F00754036 /* XSuperViewController.h */,
				6CE1A8BC241BA54F00754036 /* XSuperViewController.m */,
				6CE1A8BE241BA57000754036 /* XFatherObj.h */,
				6CE1A8BF241BA57000754036 /* XFatherObj.m */,
				6CE1A8C1241BA58100754036 /* XSonObj.h */,
				6CE1A8C2241BA58100754036 /* XSonObj.m */,
				6CE1A8C7241BA88C00754036 /* XSonObj+cate.h */,
				6CE1A8C8241BA88C00754036 /* XSonObj+cate.m */,
				6CE1A8C4241BA5BF00754036 /* XDaughterObj.h */,
				6CE1A8C5241BA5BF00754036 /* XDaughterObj.m */,
				6CE1A8CA241BB33100754036 /* XWifeObj.h */,
				6CE1A8CB241BB33100754036 /* XWifeObj.m */,
			);
			path = OC;
			sourceTree = "<group>";
		};
		6CE1A8CD241CAFC300754036 /* XThread */ = {
			isa = PBXGroup;
			children = (
				6CE1A8CE241CAFD400754036 /* XThreadViewController.h */,
				6CE1A8CF241CAFD400754036 /* XThreadViewController.m */,
				6CE1A8D1241E353100754036 /* XThread2ViewController.h */,
				6CE1A8D2241E353100754036 /* XThread2ViewController.m */,
				6C0BD72A242348C90002E956 /* XTButton.h */,
				6C0BD72B242348C90002E956 /* XTButton.m */,
			);
			path = XThread;
			sourceTree = "<group>";
		};
		6CE1A8D4241E661900754036 /* Grammar */ = {
			isa = PBXGroup;
			children = (
				6C0BD726242074F40002E956 /* CPUImage */,
				6C0BD723242074E00002E956 /* Algorithmic */,
				6CE1A8DA241E678F00754036 /* GrammarTableViewController.h */,
				6CE1A8DB241E678F00754036 /* GrammarTableViewController.m */,
			);
			path = Grammar;
			sourceTree = SOURCE_ROOT;
		};
		D8179603DC72859B01FBE2C6 /* Pods */ = {
			isa = PBXGroup;
			children = (
				A925C9B207F37E35CFCEF1CB /* Pods-iOSDemo.debug.xcconfig */,
				2EE7A61F689CC7248C7974C2 /* Pods-iOSDemo.release.xcconfig */,
			);
			name = Pods;
			sourceTree = "<group>";
		};
/* End PBXGroup section */

/* Begin PBXNativeTarget section */
		6C64584920AD4B5D0046C2F9 /* iOSDemo */ = {
			isa = PBXNativeTarget;
			buildConfigurationList = 6C64587920AD4B5E0046C2F9 /* Build configuration list for PBXNativeTarget "iOSDemo" */;
			buildPhases = (
				7A954AB87943B3E460672705 /* [CP] Check Pods Manifest.lock */,
				6C64584620AD4B5D0046C2F9 /* Sources */,
				6C64584720AD4B5D0046C2F9 /* Frameworks */,
				6C64584820AD4B5D0046C2F9 /* Resources */,
				D47E5AFB1A1B51CA1392B282 /* [CP] Embed Pods Frameworks */,
				73AEA7F369DCF5503D37F1FA /* [CP] Copy Pods Resources */,
			);
			buildRules = (
			);
			dependencies = (
			);
			name = iOSDemo;
			productName = iOSDemo;
			productReference = 6C64584A20AD4B5D0046C2F9 /* iOSDemo.app */;
			productType = "com.apple.product-type.application";
		};
		6C64586420AD4B5E0046C2F9 /* iOSDemoTests */ = {
			isa = PBXNativeTarget;
			buildConfigurationList = 6C64587C20AD4B5E0046C2F9 /* Build configuration list for PBXNativeTarget "iOSDemoTests" */;
			buildPhases = (
				6C64586120AD4B5E0046C2F9 /* Sources */,
				6C64586220AD4B5E0046C2F9 /* Frameworks */,
				6C64586320AD4B5E0046C2F9 /* Resources */,
			);
			buildRules = (
			);
			dependencies = (
				6C64586720AD4B5E0046C2F9 /* PBXTargetDependency */,
			);
			name = iOSDemoTests;
			productName = iOSDemoTests;
			productReference = 6C64586520AD4B5E0046C2F9 /* iOSDemoTests.xctest */;
			productType = "com.apple.product-type.bundle.unit-test";
		};
		6C64586F20AD4B5E0046C2F9 /* iOSDemoUITests */ = {
			isa = PBXNativeTarget;
			buildConfigurationList = 6C64587F20AD4B5E0046C2F9 /* Build configuration list for PBXNativeTarget "iOSDemoUITests" */;
			buildPhases = (
				6C64586C20AD4B5E0046C2F9 /* Sources */,
				6C64586D20AD4B5E0046C2F9 /* Frameworks */,
				6C64586E20AD4B5E0046C2F9 /* Resources */,
			);
			buildRules = (
			);
			dependencies = (
				6C64587220AD4B5E0046C2F9 /* PBXTargetDependency */,
			);
			name = iOSDemoUITests;
			productName = iOSDemoUITests;
			productReference = 6C64587020AD4B5E0046C2F9 /* iOSDemoUITests.xctest */;
			productType = "com.apple.product-type.bundle.ui-testing";
		};
/* End PBXNativeTarget section */

/* Begin PBXProject section */
		6C64584220AD4B5D0046C2F9 /* Project object */ = {
			isa = PBXProject;
			attributes = {
				LastUpgradeCheck = 0930;
				ORGANIZATIONNAME = Xiaodev;
				TargetAttributes = {
					6C64584920AD4B5D0046C2F9 = {
						CreatedOnToolsVersion = 9.3;
					};
					6C64586420AD4B5E0046C2F9 = {
						CreatedOnToolsVersion = 9.3;
						TestTargetID = 6C64584920AD4B5D0046C2F9;
					};
					6C64586F20AD4B5E0046C2F9 = {
						CreatedOnToolsVersion = 9.3;
						TestTargetID = 6C64584920AD4B5D0046C2F9;
					};
				};
			};
			buildConfigurationList = 6C64584520AD4B5D0046C2F9 /* Build configuration list for PBXProject "iOSDemo" */;
			compatibilityVersion = "Xcode 9.3";
			developmentRegion = en;
			hasScannedForEncodings = 0;
			knownRegions = (
				en,
				Base,
				"zh-Hans",
			);
			mainGroup = 6C64584120AD4B5D0046C2F9;
			productRefGroup = 6C64584B20AD4B5D0046C2F9 /* Products */;
			projectDirPath = "";
			projectRoot = "";
			targets = (
				6C64584920AD4B5D0046C2F9 /* iOSDemo */,
				6C64586420AD4B5E0046C2F9 /* iOSDemoTests */,
				6C64586F20AD4B5E0046C2F9 /* iOSDemoUITests */,
			);
		};
/* End PBXProject section */

/* Begin PBXResourcesBuildPhase section */
		6C64584820AD4B5D0046C2F9 /* Resources */ = {
			isa = PBXResourcesBuildPhase;
			buildActionMask = 2147483647;
			files = (
				6C64585D20AD4B5E0046C2F9 /* LaunchScreen.storyboard in Resources */,
				6C64585A20AD4B5E0046C2F9 /* Assets.xcassets in Resources */,
				6C64585820AD4B5D0046C2F9 /* Main.storyboard in Resources */,
				6CB429E120C5468D000CFD37 /* LXCalenderCell.xib in Resources */,
				6CB429DF20C5468D000CFD37 /* LXCalendarHearder.xib in Resources */,
			);
			runOnlyForDeploymentPostprocessing = 0;
		};
		6C64586320AD4B5E0046C2F9 /* Resources */ = {
			isa = PBXResourcesBuildPhase;
			buildActionMask = 2147483647;
			files = (
			);
			runOnlyForDeploymentPostprocessing = 0;
		};
		6C64586E20AD4B5E0046C2F9 /* Resources */ = {
			isa = PBXResourcesBuildPhase;
			buildActionMask = 2147483647;
			files = (
			);
			runOnlyForDeploymentPostprocessing = 0;
		};
/* End PBXResourcesBuildPhase section */

/* Begin PBXShellScriptBuildPhase section */
		73AEA7F369DCF5503D37F1FA /* [CP] Copy Pods Resources */ = {
			isa = PBXShellScriptBuildPhase;
			buildActionMask = 2147483647;
			files = (
			);
			inputPaths = (
				"${SRCROOT}/Pods/Target Support Files/Pods-iOSDemo/Pods-iOSDemo-resources.sh",
				"${PODS_ROOT}/BaiduMapKit/BaiduMapKit/BaiduMapAPI_Map.framework/mapapi.bundle",
			);
			name = "[CP] Copy Pods Resources";
			outputPaths = (
				"${TARGET_BUILD_DIR}/${UNLOCALIZED_RESOURCES_FOLDER_PATH}/mapapi.bundle",
			);
			runOnlyForDeploymentPostprocessing = 0;
			shellPath = /bin/sh;
			shellScript = "\"${SRCROOT}/Pods/Target Support Files/Pods-iOSDemo/Pods-iOSDemo-resources.sh\"\n";
			showEnvVarsInLog = 0;
		};
		7A954AB87943B3E460672705 /* [CP] Check Pods Manifest.lock */ = {
			isa = PBXShellScriptBuildPhase;
			buildActionMask = 2147483647;
			files = (
			);
			inputPaths = (
				"${PODS_PODFILE_DIR_PATH}/Podfile.lock",
				"${PODS_ROOT}/Manifest.lock",
			);
			name = "[CP] Check Pods Manifest.lock";
			outputPaths = (
				"$(DERIVED_FILE_DIR)/Pods-iOSDemo-checkManifestLockResult.txt",
			);
			runOnlyForDeploymentPostprocessing = 0;
			shellPath = /bin/sh;
			shellScript = "diff \"${PODS_PODFILE_DIR_PATH}/Podfile.lock\" \"${PODS_ROOT}/Manifest.lock\" > /dev/null\nif [ $? != 0 ] ; then\n    # print error to STDERR\n    echo \"error: The sandbox is not in sync with the Podfile.lock. Run 'pod install' or update your CocoaPods installation.\" >&2\n    exit 1\nfi\n# This output is used by Xcode 'outputs' to avoid re-running this script phase.\necho \"SUCCESS\" > \"${SCRIPT_OUTPUT_FILE_0}\"\n";
			showEnvVarsInLog = 0;
		};
		D47E5AFB1A1B51CA1392B282 /* [CP] Embed Pods Frameworks */ = {
			isa = PBXShellScriptBuildPhase;
			buildActionMask = 2147483647;
			files = (
			);
			inputPaths = (
				"${SRCROOT}/Pods/Target Support Files/Pods-iOSDemo/Pods-iOSDemo-frameworks.sh",
				"${BUILT_PRODUCTS_DIR}/AFNetworking/AFNetworking.framework",
				"${BUILT_PRODUCTS_DIR}/Alamofire/Alamofire.framework",
				"${BUILT_PRODUCTS_DIR}/BSBacktraceLogger/BSBacktraceLogger.framework",
				"${BUILT_PRODUCTS_DIR}/CTMediator/CTMediator.framework",
				"${BUILT_PRODUCTS_DIR}/CTPersistance/CTPersistance.framework",
				"${BUILT_PRODUCTS_DIR}/CocoaLumberjack/CocoaLumberjack.framework",
				"${BUILT_PRODUCTS_DIR}/DateTools/DateTools.framework",
				"${PODS_ROOT}/DoraemonKit/iOS/DoraemonKit/Framework/DoraemonLoadAnalyze.framework",
				"${BUILT_PRODUCTS_DIR}/DoraemonKit/DoraemonKit.framework",
				"${BUILT_PRODUCTS_DIR}/FBRetainCycleDetector/FBRetainCycleDetector.framework",
				"${BUILT_PRODUCTS_DIR}/FMDB/FMDB.framework",
				"${BUILT_PRODUCTS_DIR}/GCDWebServer/GCDWebServer.framework",
				"${BUILT_PRODUCTS_DIR}/GPUImage/GPUImage.framework",
				"${BUILT_PRODUCTS_DIR}/JLRoutes/JLRoutes.framework",
				"${BUILT_PRODUCTS_DIR}/JSONModel/JSONModel.framework",
				"${BUILT_PRODUCTS_DIR}/MBProgressHUD/MBProgressHUD.framework",
				"${BUILT_PRODUCTS_DIR}/Masonry/Masonry.framework",
				"${BUILT_PRODUCTS_DIR}/NSData+Base64/NSData_Base64.framework",
				"${BUILT_PRODUCTS_DIR}/Protobuf/Protobuf.framework",
				"${BUILT_PRODUCTS_DIR}/RNCryptor/RNCryptor.framework",
				"${BUILT_PRODUCTS_DIR}/ReactiveCocoa/ReactiveCocoa.framework",
				"${BUILT_PRODUCTS_DIR}/ReactiveViewModel/ReactiveViewModel.framework",
				"${BUILT_PRODUCTS_DIR}/RxSwift/RxSwift.framework",
				"${BUILT_PRODUCTS_DIR}/SDWebImage/SDWebImage.framework",
				"${BUILT_PRODUCTS_DIR}/SQLCipher/SQLCipher.framework",
				"${BUILT_PRODUCTS_DIR}/SSZipArchive/SSZipArchive.framework",
				"${BUILT_PRODUCTS_DIR}/SVGAPlayer/SVGAPlayer.framework",
				"${BUILT_PRODUCTS_DIR}/SVPullToRefresh/SVPullToRefresh.framework",
				"${BUILT_PRODUCTS_DIR}/SocketRocket/SocketRocket.framework",
				"${BUILT_PRODUCTS_DIR}/WXDevtool/WXDevtool.framework",
				"${BUILT_PRODUCTS_DIR}/WeexSDK/WeexSDK.framework",
				"${BUILT_PRODUCTS_DIR}/XRefresh/XRefresh.framework",
				"${BUILT_PRODUCTS_DIR}/YYDebugDatabase/YYDebugDatabase.framework",
				"${BUILT_PRODUCTS_DIR}/YYKit/YYKit.framework",
				"${BUILT_PRODUCTS_DIR}/fishhook/fishhook.framework",
				"${BUILT_PRODUCTS_DIR}/thrift/thrift.framework",
			);
			name = "[CP] Embed Pods Frameworks";
			outputPaths = (
				"${TARGET_BUILD_DIR}/${FRAMEWORKS_FOLDER_PATH}/AFNetworking.framework",
				"${TARGET_BUILD_DIR}/${FRAMEWORKS_FOLDER_PATH}/Alamofire.framework",
				"${TARGET_BUILD_DIR}/${FRAMEWORKS_FOLDER_PATH}/BSBacktraceLogger.framework",
				"${TARGET_BUILD_DIR}/${FRAMEWORKS_FOLDER_PATH}/CTMediator.framework",
				"${TARGET_BUILD_DIR}/${FRAMEWORKS_FOLDER_PATH}/CTPersistance.framework",
				"${TARGET_BUILD_DIR}/${FRAMEWORKS_FOLDER_PATH}/CocoaLumberjack.framework",
				"${TARGET_BUILD_DIR}/${FRAMEWORKS_FOLDER_PATH}/DateTools.framework",
				"${TARGET_BUILD_DIR}/${FRAMEWORKS_FOLDER_PATH}/DoraemonLoadAnalyze.framework",
				"${TARGET_BUILD_DIR}/${FRAMEWORKS_FOLDER_PATH}/DoraemonKit.framework",
				"${TARGET_BUILD_DIR}/${FRAMEWORKS_FOLDER_PATH}/FBRetainCycleDetector.framework",
				"${TARGET_BUILD_DIR}/${FRAMEWORKS_FOLDER_PATH}/FMDB.framework",
				"${TARGET_BUILD_DIR}/${FRAMEWORKS_FOLDER_PATH}/GCDWebServer.framework",
				"${TARGET_BUILD_DIR}/${FRAMEWORKS_FOLDER_PATH}/GPUImage.framework",
				"${TARGET_BUILD_DIR}/${FRAMEWORKS_FOLDER_PATH}/JLRoutes.framework",
				"${TARGET_BUILD_DIR}/${FRAMEWORKS_FOLDER_PATH}/JSONModel.framework",
				"${TARGET_BUILD_DIR}/${FRAMEWORKS_FOLDER_PATH}/MBProgressHUD.framework",
				"${TARGET_BUILD_DIR}/${FRAMEWORKS_FOLDER_PATH}/Masonry.framework",
				"${TARGET_BUILD_DIR}/${FRAMEWORKS_FOLDER_PATH}/NSData_Base64.framework",
				"${TARGET_BUILD_DIR}/${FRAMEWORKS_FOLDER_PATH}/Protobuf.framework",
				"${TARGET_BUILD_DIR}/${FRAMEWORKS_FOLDER_PATH}/RNCryptor.framework",
				"${TARGET_BUILD_DIR}/${FRAMEWORKS_FOLDER_PATH}/ReactiveCocoa.framework",
				"${TARGET_BUILD_DIR}/${FRAMEWORKS_FOLDER_PATH}/ReactiveViewModel.framework",
				"${TARGET_BUILD_DIR}/${FRAMEWORKS_FOLDER_PATH}/RxSwift.framework",
				"${TARGET_BUILD_DIR}/${FRAMEWORKS_FOLDER_PATH}/SDWebImage.framework",
				"${TARGET_BUILD_DIR}/${FRAMEWORKS_FOLDER_PATH}/SQLCipher.framework",
				"${TARGET_BUILD_DIR}/${FRAMEWORKS_FOLDER_PATH}/SSZipArchive.framework",
				"${TARGET_BUILD_DIR}/${FRAMEWORKS_FOLDER_PATH}/SVGAPlayer.framework",
				"${TARGET_BUILD_DIR}/${FRAMEWORKS_FOLDER_PATH}/SVPullToRefresh.framework",
				"${TARGET_BUILD_DIR}/${FRAMEWORKS_FOLDER_PATH}/SocketRocket.framework",
				"${TARGET_BUILD_DIR}/${FRAMEWORKS_FOLDER_PATH}/WXDevtool.framework",
				"${TARGET_BUILD_DIR}/${FRAMEWORKS_FOLDER_PATH}/WeexSDK.framework",
				"${TARGET_BUILD_DIR}/${FRAMEWORKS_FOLDER_PATH}/XRefresh.framework",
				"${TARGET_BUILD_DIR}/${FRAMEWORKS_FOLDER_PATH}/YYDebugDatabase.framework",
				"${TARGET_BUILD_DIR}/${FRAMEWORKS_FOLDER_PATH}/YYKit.framework",
				"${TARGET_BUILD_DIR}/${FRAMEWORKS_FOLDER_PATH}/fishhook.framework",
				"${TARGET_BUILD_DIR}/${FRAMEWORKS_FOLDER_PATH}/thrift.framework",
			);
			runOnlyForDeploymentPostprocessing = 0;
			shellPath = /bin/sh;
			shellScript = "\"${SRCROOT}/Pods/Target Support Files/Pods-iOSDemo/Pods-iOSDemo-frameworks.sh\"\n";
			showEnvVarsInLog = 0;
		};
/* End PBXShellScriptBuildPhase section */

/* Begin PBXSourcesBuildPhase section */
		6C64584620AD4B5D0046C2F9 /* Sources */ = {
			isa = PBXSourcesBuildPhase;
			buildActionMask = 2147483647;
			files = (
				6C0BD73024235B1C0002E956 /* XAnimationViewController.m in Sources */,
				6C64589720AD670A0046C2F9 /* XPropertyViewController.m in Sources */,
				6CE1A8D0241CAFD400754036 /* XThreadViewController.m in Sources */,
				6C6B66852399F2C200F2D368 /* XTableViewCell.m in Sources */,
				6C0BD73224246CBC0002E956 /* XStackViewController.swift in Sources */,
				6C0BD729242075190002E956 /* XCPUImageController.m in Sources */,
				6CE1A8D3241E353100754036 /* XThread2ViewController.m in Sources */,
				6C0BD725242074E00002E956 /* AlgorithmicViewController.swift in Sources */,
				6CB429F720C547DB000CFD37 /* UILabel+LXLabel.m in Sources */,
				6CE1A8BD241BA54F00754036 /* XSuperViewController.m in Sources */,
				6CB429E520C5468D000CFD37 /* LXCalendarMonthModel.m in Sources */,
				6C0E11D522DEFDCA00360D76 /* XTransferViewController.m in Sources */,
				6C6232DA215F789B001E85D4 /* XTableViewController.m in Sources */,
				6CE36BBD22D4AB3B00B38008 /* EnumViewController.swift in Sources */,
				6C0BD7342424FF650002E956 /* XOtherViewController.swift in Sources */,
				6CE36BBB22D484BD00B38008 /* SwiftBlocksViewController.swift in Sources */,
				6C044E3520CE4485009B77C9 /* XimageViewController.m in Sources */,
				6C64589120AD51580046C2F9 /* ObjectiveCTableController.m in Sources */,
				6C61CB3A2269B0D7002FE2A8 /* XBluetoothViewController.m in Sources */,
				6CB429CA20C545E9000CFD37 /* XcalendarViewController.m in Sources */,
				6CE1A8C0241BA57000754036 /* XFatherObj.m in Sources */,
				6C0BD72C242348C90002E956 /* XTButton.m in Sources */,
				6CBAB4AC211D69B7009E07B1 /* ABCalendarController.m in Sources */,
				6CE1A8C3241BA58100754036 /* XSonObj.m in Sources */,
				6C64589020AD51580046C2F9 /* SwiftTableController.swift in Sources */,
				6C224C34228121AA00C8A6AE /* XFlashViewController.m in Sources */,
				6CB429DE20C5468D000CFD37 /* LXCalendarWeekView.m in Sources */,
				6C0BD872242653F20002E956 /* DataTypeViewController.swift in Sources */,
				6CB429E920C546AE000CFD37 /* XYCalendarView.m in Sources */,
				6C678EA023289409009DE3AB /* XMapViewController.m in Sources */,
				6C39DF4A20DBBEEA0086D632 /* XCategoryViewController.m in Sources */,
				6CB429E020C5468D000CFD37 /* LXCalendarHearder.m in Sources */,
				6C64589B20AD92360046C2F9 /* XBlockViewController.m in Sources */,
				6CE1A8C9241BA88C00754036 /* XSonObj+cate.m in Sources */,
				6C4A64592241EF12008F187D /* XGuideViewController.m in Sources */,
				6C1DF32B21A2A3AA009E4725 /* XStringViewController.m in Sources */,
				6CB429FD20C54B00000CFD37 /* XTools.m in Sources */,
				6C68BCD5223A5101007C8861 /* URLComponentsViewController.m in Sources */,
				6CE4DB8422D742E4008F01A9 /* ExtensionViewController.swift in Sources */,
				6CB429E420C5468D000CFD37 /* NSDate+GFCalendar.m in Sources */,
				6CE1A8B62418D43B00754036 /* XShareInstance.m in Sources */,
				6CE1A8BA241BA53C00754036 /* XOCViewController.m in Sources */,
				6CB429F820C547DB000CFD37 /* LxButton.m in Sources */,
				6CE1A8C6241BA5BF00754036 /* XDaughterObj.m in Sources */,
				6C64584F20AD4B5D0046C2F9 /* AppDelegate.m in Sources */,
				6C39DF4420DBBE580086D632 /* UIView+XCategory.m in Sources */,
				6C02D8E6225CB15F00963DB4 /* RuntimeViewController.m in Sources */,
				6C69F53722DC2B9C00677BD7 /* ProtocolViewController.swift in Sources */,
				6C98ABB2237E9291006839EB /* XModel.m in Sources */,
				6C68BCD8223A6328007C8861 /* ABGuideView.m in Sources */,
				6CE1A8DC241E678F00754036 /* GrammarTableViewController.m in Sources */,
				6C989A7623950AA000B24663 /* XCollectionViewController.m in Sources */,
				6CB429E220C5468D000CFD37 /* LXCalendarDayModel.m in Sources */,
				6CB429F920C547DB000CFD37 /* UIColor+Expanded.m in Sources */,
				6CB429F520C547DB000CFD37 /* UIView+FTCornerdious.m in Sources */,
				6C5B99FC21A3B5590020384C /* XWebViewController.m in Sources */,
				6C6F7F7A20C7C44000C5C151 /* XYView.m in Sources */,
				6CB429F620C547DB000CFD37 /* UIView+LX_Frame.m in Sources */,
				6CB429E320C5468D000CFD37 /* LXCalendarView.m in Sources */,
				6C64586020AD4B5E0046C2F9 /* main.m in Sources */,
				6CE1A8CC241BB33100754036 /* XWifeObj.m in Sources */,
				6C39DF4720DBBE990086D632 /* UIViewController+XCategory.m in Sources */,
				6CB429E620C5468D000CFD37 /* LXCalenderCell.m in Sources */,
				6C6F7F7720C7C27400C5C151 /* XYViewController.m in Sources */,
				6C0CB34A22D6064200E4008D /* ConstructorViewController.swift in Sources */,
			);
			runOnlyForDeploymentPostprocessing = 0;
		};
		6C64586120AD4B5E0046C2F9 /* Sources */ = {
			isa = PBXSourcesBuildPhase;
			buildActionMask = 2147483647;
			files = (
				6C64586A20AD4B5E0046C2F9 /* iOSDemoTests.m in Sources */,
			);
			runOnlyForDeploymentPostprocessing = 0;
		};
		6C64586C20AD4B5E0046C2F9 /* Sources */ = {
			isa = PBXSourcesBuildPhase;
			buildActionMask = 2147483647;
			files = (
				6C64587520AD4B5E0046C2F9 /* iOSDemoUITests.m in Sources */,
			);
			runOnlyForDeploymentPostprocessing = 0;
		};
/* End PBXSourcesBuildPhase section */

/* Begin PBXTargetDependency section */
		6C64586720AD4B5E0046C2F9 /* PBXTargetDependency */ = {
			isa = PBXTargetDependency;
			target = 6C64584920AD4B5D0046C2F9 /* iOSDemo */;
			targetProxy = 6C64586620AD4B5E0046C2F9 /* PBXContainerItemProxy */;
		};
		6C64587220AD4B5E0046C2F9 /* PBXTargetDependency */ = {
			isa = PBXTargetDependency;
			target = 6C64584920AD4B5D0046C2F9 /* iOSDemo */;
			targetProxy = 6C64587120AD4B5E0046C2F9 /* PBXContainerItemProxy */;
		};
/* End PBXTargetDependency section */

/* Begin PBXVariantGroup section */
		6C64585620AD4B5D0046C2F9 /* Main.storyboard */ = {
			isa = PBXVariantGroup;
			children = (
				6C64585720AD4B5D0046C2F9 /* Base */,
				6C601E1320AEC0E30022D8DE /* zh-Hans */,
			);
			name = Main.storyboard;
			sourceTree = "<group>";
		};
		6C64585B20AD4B5E0046C2F9 /* LaunchScreen.storyboard */ = {
			isa = PBXVariantGroup;
			children = (
				6C64585C20AD4B5E0046C2F9 /* Base */,
				6C601E1420AEC0E30022D8DE /* zh-Hans */,
				6C601E1620AEC17C0022D8DE /* en */,
			);
			name = LaunchScreen.storyboard;
			sourceTree = "<group>";
		};
/* End PBXVariantGroup section */

/* Begin XCBuildConfiguration section */
		6C64587720AD4B5E0046C2F9 /* Debug */ = {
			isa = XCBuildConfiguration;
			buildSettings = {
				ALWAYS_SEARCH_USER_PATHS = NO;
				CLANG_ANALYZER_LOCALIZABILITY_NONLOCALIZED = YES;
				CLANG_ANALYZER_NONNULL = YES;
				CLANG_ANALYZER_NUMBER_OBJECT_CONVERSION = YES_AGGRESSIVE;
				CLANG_CXX_LANGUAGE_STANDARD = "gnu++14";
				CLANG_CXX_LIBRARY = "libc++";
				CLANG_ENABLE_MODULES = YES;
				CLANG_ENABLE_OBJC_ARC = YES;
				CLANG_ENABLE_OBJC_WEAK = YES;
				CLANG_WARN_BLOCK_CAPTURE_AUTORELEASING = YES;
				CLANG_WARN_BOOL_CONVERSION = YES;
				CLANG_WARN_COMMA = YES;
				CLANG_WARN_CONSTANT_CONVERSION = YES;
				CLANG_WARN_DEPRECATED_OBJC_IMPLEMENTATIONS = YES;
				CLANG_WARN_DIRECT_OBJC_ISA_USAGE = YES_ERROR;
				CLANG_WARN_DOCUMENTATION_COMMENTS = YES;
				CLANG_WARN_EMPTY_BODY = YES;
				CLANG_WARN_ENUM_CONVERSION = YES;
				CLANG_WARN_INFINITE_RECURSION = YES;
				CLANG_WARN_INT_CONVERSION = YES;
				CLANG_WARN_NON_LITERAL_NULL_CONVERSION = YES;
				CLANG_WARN_OBJC_IMPLICIT_RETAIN_SELF = YES;
				CLANG_WARN_OBJC_LITERAL_CONVERSION = YES;
				CLANG_WARN_OBJC_ROOT_CLASS = YES_ERROR;
				CLANG_WARN_RANGE_LOOP_ANALYSIS = YES;
				CLANG_WARN_STRICT_PROTOTYPES = YES;
				CLANG_WARN_SUSPICIOUS_MOVE = YES;
				CLANG_WARN_UNGUARDED_AVAILABILITY = YES_AGGRESSIVE;
				CLANG_WARN_UNREACHABLE_CODE = YES;
				CLANG_WARN__DUPLICATE_METHOD_MATCH = YES;
				CODE_SIGN_IDENTITY = "iPhone Developer";
				COPY_PHASE_STRIP = NO;
				DEBUG_INFORMATION_FORMAT = dwarf;
				ENABLE_STRICT_OBJC_MSGSEND = YES;
				ENABLE_TESTABILITY = YES;
				GCC_C_LANGUAGE_STANDARD = gnu11;
				GCC_DYNAMIC_NO_PIC = NO;
				GCC_NO_COMMON_BLOCKS = YES;
				GCC_OPTIMIZATION_LEVEL = 0;
				GCC_PREPROCESSOR_DEFINITIONS = (
					"DEBUG=1",
					"$(inherited)",
				);
				GCC_WARN_64_TO_32_BIT_CONVERSION = YES;
				GCC_WARN_ABOUT_RETURN_TYPE = YES_ERROR;
				GCC_WARN_UNDECLARED_SELECTOR = YES;
				GCC_WARN_UNINITIALIZED_AUTOS = YES_AGGRESSIVE;
				GCC_WARN_UNUSED_FUNCTION = YES;
				GCC_WARN_UNUSED_VARIABLE = YES;
				IPHONEOS_DEPLOYMENT_TARGET = 11.3;
				MTL_ENABLE_DEBUG_INFO = YES;
				ONLY_ACTIVE_ARCH = YES;
				SDKROOT = iphoneos;
			};
			name = Debug;
		};
		6C64587820AD4B5E0046C2F9 /* Release */ = {
			isa = XCBuildConfiguration;
			buildSettings = {
				ALWAYS_SEARCH_USER_PATHS = NO;
				CLANG_ANALYZER_LOCALIZABILITY_NONLOCALIZED = YES;
				CLANG_ANALYZER_NONNULL = YES;
				CLANG_ANALYZER_NUMBER_OBJECT_CONVERSION = YES_AGGRESSIVE;
				CLANG_CXX_LANGUAGE_STANDARD = "gnu++14";
				CLANG_CXX_LIBRARY = "libc++";
				CLANG_ENABLE_MODULES = YES;
				CLANG_ENABLE_OBJC_ARC = YES;
				CLANG_ENABLE_OBJC_WEAK = YES;
				CLANG_WARN_BLOCK_CAPTURE_AUTORELEASING = YES;
				CLANG_WARN_BOOL_CONVERSION = YES;
				CLANG_WARN_COMMA = YES;
				CLANG_WARN_CONSTANT_CONVERSION = YES;
				CLANG_WARN_DEPRECATED_OBJC_IMPLEMENTATIONS = YES;
				CLANG_WARN_DIRECT_OBJC_ISA_USAGE = YES_ERROR;
				CLANG_WARN_DOCUMENTATION_COMMENTS = YES;
				CLANG_WARN_EMPTY_BODY = YES;
				CLANG_WARN_ENUM_CONVERSION = YES;
				CLANG_WARN_INFINITE_RECURSION = YES;
				CLANG_WARN_INT_CONVERSION = YES;
				CLANG_WARN_NON_LITERAL_NULL_CONVERSION = YES;
				CLANG_WARN_OBJC_IMPLICIT_RETAIN_SELF = YES;
				CLANG_WARN_OBJC_LITERAL_CONVERSION = YES;
				CLANG_WARN_OBJC_ROOT_CLASS = YES_ERROR;
				CLANG_WARN_RANGE_LOOP_ANALYSIS = YES;
				CLANG_WARN_STRICT_PROTOTYPES = YES;
				CLANG_WARN_SUSPICIOUS_MOVE = YES;
				CLANG_WARN_UNGUARDED_AVAILABILITY = YES_AGGRESSIVE;
				CLANG_WARN_UNREACHABLE_CODE = YES;
				CLANG_WARN__DUPLICATE_METHOD_MATCH = YES;
				CODE_SIGN_IDENTITY = "iPhone Developer";
				COPY_PHASE_STRIP = NO;
				DEBUG_INFORMATION_FORMAT = "dwarf-with-dsym";
				ENABLE_NS_ASSERTIONS = NO;
				ENABLE_STRICT_OBJC_MSGSEND = YES;
				GCC_C_LANGUAGE_STANDARD = gnu11;
				GCC_NO_COMMON_BLOCKS = YES;
				GCC_WARN_64_TO_32_BIT_CONVERSION = YES;
				GCC_WARN_ABOUT_RETURN_TYPE = YES_ERROR;
				GCC_WARN_UNDECLARED_SELECTOR = YES;
				GCC_WARN_UNINITIALIZED_AUTOS = YES_AGGRESSIVE;
				GCC_WARN_UNUSED_FUNCTION = YES;
				GCC_WARN_UNUSED_VARIABLE = YES;
				IPHONEOS_DEPLOYMENT_TARGET = 11.3;
				MTL_ENABLE_DEBUG_INFO = NO;
				SDKROOT = iphoneos;
				VALIDATE_PRODUCT = YES;
			};
			name = Release;
		};
		6C64587A20AD4B5E0046C2F9 /* Debug */ = {
			isa = XCBuildConfiguration;
			baseConfigurationReference = A925C9B207F37E35CFCEF1CB /* Pods-iOSDemo.debug.xcconfig */;
			buildSettings = {
				ASSETCATALOG_COMPILER_APPICON_NAME = AppIcon;
				CODE_SIGN_STYLE = Automatic;
				DEFINES_MODULE = YES;
				DEVELOPMENT_TEAM = Q494Q8N6JY;
				INFOPLIST_FILE = iOSDemo/Info.plist;
				LD_RUNPATH_SEARCH_PATHS = (
					"$(inherited)",
					"@executable_path/Frameworks",
				);
				PRODUCT_BUNDLE_IDENTIFIER = cn.xiaodev.iosdemo;
				PRODUCT_NAME = "$(TARGET_NAME)";
				SWIFT_OBJC_BRIDGING_HEADER = "Swift/iOSDemo-Bridging-Header.h";
				SWIFT_VERSION = 5.0;
				TARGETED_DEVICE_FAMILY = "1,2";
			};
			name = Debug;
		};
		6C64587B20AD4B5E0046C2F9 /* Release */ = {
			isa = XCBuildConfiguration;
			baseConfigurationReference = 2EE7A61F689CC7248C7974C2 /* Pods-iOSDemo.release.xcconfig */;
			buildSettings = {
				ASSETCATALOG_COMPILER_APPICON_NAME = AppIcon;
				CODE_SIGN_STYLE = Automatic;
				DEFINES_MODULE = YES;
				DEVELOPMENT_TEAM = Q494Q8N6JY;
				INFOPLIST_FILE = iOSDemo/Info.plist;
				LD_RUNPATH_SEARCH_PATHS = (
					"$(inherited)",
					"@executable_path/Frameworks",
				);
				PRODUCT_BUNDLE_IDENTIFIER = cn.xiaodev.iosdemo;
				PRODUCT_NAME = "$(TARGET_NAME)";
				SWIFT_OBJC_BRIDGING_HEADER = "Swift/iOSDemo-Bridging-Header.h";
				SWIFT_VERSION = 5.0;
				TARGETED_DEVICE_FAMILY = "1,2";
			};
			name = Release;
		};
		6C64587D20AD4B5E0046C2F9 /* Debug */ = {
			isa = XCBuildConfiguration;
			buildSettings = {
				ALWAYS_EMBED_SWIFT_STANDARD_LIBRARIES = YES;
				BUNDLE_LOADER = "$(TEST_HOST)";
				CODE_SIGN_STYLE = Automatic;
				DEVELOPMENT_TEAM = Q494Q8N6JY;
				INFOPLIST_FILE = iOSDemoTests/Info.plist;
				LD_RUNPATH_SEARCH_PATHS = (
					"$(inherited)",
					"@executable_path/Frameworks",
					"@loader_path/Frameworks",
				);
				PRODUCT_BUNDLE_IDENTIFIER = cn.xiaodev.iOSDemoTests;
				PRODUCT_NAME = "$(TARGET_NAME)";
				TARGETED_DEVICE_FAMILY = "1,2";
				TEST_HOST = "$(BUILT_PRODUCTS_DIR)/iOSDemo.app/iOSDemo";
			};
			name = Debug;
		};
		6C64587E20AD4B5E0046C2F9 /* Release */ = {
			isa = XCBuildConfiguration;
			buildSettings = {
				ALWAYS_EMBED_SWIFT_STANDARD_LIBRARIES = YES;
				BUNDLE_LOADER = "$(TEST_HOST)";
				CODE_SIGN_STYLE = Automatic;
				DEVELOPMENT_TEAM = Q494Q8N6JY;
				INFOPLIST_FILE = iOSDemoTests/Info.plist;
				LD_RUNPATH_SEARCH_PATHS = (
					"$(inherited)",
					"@executable_path/Frameworks",
					"@loader_path/Frameworks",
				);
				PRODUCT_BUNDLE_IDENTIFIER = cn.xiaodev.iOSDemoTests;
				PRODUCT_NAME = "$(TARGET_NAME)";
				TARGETED_DEVICE_FAMILY = "1,2";
				TEST_HOST = "$(BUILT_PRODUCTS_DIR)/iOSDemo.app/iOSDemo";
			};
			name = Release;
		};
		6C64588020AD4B5E0046C2F9 /* Debug */ = {
			isa = XCBuildConfiguration;
			buildSettings = {
				ALWAYS_EMBED_SWIFT_STANDARD_LIBRARIES = YES;
				CODE_SIGN_STYLE = Automatic;
				DEVELOPMENT_TEAM = Q494Q8N6JY;
				INFOPLIST_FILE = iOSDemoUITests/Info.plist;
				LD_RUNPATH_SEARCH_PATHS = (
					"$(inherited)",
					"@executable_path/Frameworks",
					"@loader_path/Frameworks",
				);
				PRODUCT_BUNDLE_IDENTIFIER = cn.xiaodev.iOSDemoUITests;
				PRODUCT_NAME = "$(TARGET_NAME)";
				TARGETED_DEVICE_FAMILY = "1,2";
				TEST_TARGET_NAME = iOSDemo;
			};
			name = Debug;
		};
		6C64588120AD4B5E0046C2F9 /* Release */ = {
			isa = XCBuildConfiguration;
			buildSettings = {
				ALWAYS_EMBED_SWIFT_STANDARD_LIBRARIES = YES;
				CODE_SIGN_STYLE = Automatic;
				DEVELOPMENT_TEAM = Q494Q8N6JY;
				INFOPLIST_FILE = iOSDemoUITests/Info.plist;
				LD_RUNPATH_SEARCH_PATHS = (
					"$(inherited)",
					"@executable_path/Frameworks",
					"@loader_path/Frameworks",
				);
				PRODUCT_BUNDLE_IDENTIFIER = cn.xiaodev.iOSDemoUITests;
				PRODUCT_NAME = "$(TARGET_NAME)";
				TARGETED_DEVICE_FAMILY = "1,2";
				TEST_TARGET_NAME = iOSDemo;
			};
			name = Release;
		};
/* End XCBuildConfiguration section */

/* Begin XCConfigurationList section */
		6C64584520AD4B5D0046C2F9 /* Build configuration list for PBXProject "iOSDemo" */ = {
			isa = XCConfigurationList;
			buildConfigurations = (
				6C64587720AD4B5E0046C2F9 /* Debug */,
				6C64587820AD4B5E0046C2F9 /* Release */,
			);
			defaultConfigurationIsVisible = 0;
			defaultConfigurationName = Release;
		};
		6C64587920AD4B5E0046C2F9 /* Build configuration list for PBXNativeTarget "iOSDemo" */ = {
			isa = XCConfigurationList;
			buildConfigurations = (
				6C64587A20AD4B5E0046C2F9 /* Debug */,
				6C64587B20AD4B5E0046C2F9 /* Release */,
			);
			defaultConfigurationIsVisible = 0;
			defaultConfigurationName = Release;
		};
		6C64587C20AD4B5E0046C2F9 /* Build configuration list for PBXNativeTarget "iOSDemoTests" */ = {
			isa = XCConfigurationList;
			buildConfigurations = (
				6C64587D20AD4B5E0046C2F9 /* Debug */,
				6C64587E20AD4B5E0046C2F9 /* Release */,
			);
			defaultConfigurationIsVisible = 0;
			defaultConfigurationName = Release;
		};
		6C64587F20AD4B5E0046C2F9 /* Build configuration list for PBXNativeTarget "iOSDemoUITests" */ = {
			isa = XCConfigurationList;
			buildConfigurations = (
				6C64588020AD4B5E0046C2F9 /* Debug */,
				6C64588120AD4B5E0046C2F9 /* Release */,
			);
			defaultConfigurationIsVisible = 0;
			defaultConfigurationName = Release;
		};
/* End XCConfigurationList section */
	};
	rootObject = 6C64584220AD4B5D0046C2F9 /* Project object */;
}
